{
  "pins" : [
    {
      "identity" : "cocoaasyncsocket",
      "kind" : "remoteSourceControl",
      "location" : "https://github.com/robbiehanson/CocoaAsyncSocket",
      "state" : {
        "revision" : "dbdc00669c1ced63b27c3c5f052ee4d28f10150c",
        "version" : "7.6.5"
      }
    },
    {
      "identity" : "datastructures",
      "kind" : "remoteSourceControl",
      "location" : "https://github.com/EgorNikitin94/DataStructures",
      "state" : {
        "branch" : "main",
        "revision" : "63fa3d23de1cabfa81656969a358cd0da401b67e"
      }
    },
    {
      "identity" : "grdb.swift",
      "kind" : "remoteSourceControl",
      "location" : "https://github.com/groue/GRDB.swift.git",
      "state" : {
        "branch" : "master",
        "revision" : "e83f3eb25ef4d5a36a13dbee98f8ac67e24e5c8f"
      }
    },
    {
      "identity" : "reachability.swift",
      "kind" : "remoteSourceControl",
      "location" : "https://github.com/ashleymills/Reachability.swift",
      "state" : {
        "branch" : "master",
        "revision" : "c01127cb51f591045696128effe43c16840d08bf"
      }
    },
    {
      "identity" : "swift-protobuf",
      "kind" : "remoteSourceControl",
      "location" : "https://github.com/apple/swift-protobuf.git",
      "state" : {
        "revision" : "ce20dc083ee485524b802669890291c0d8090170",
        "version" : "1.22.1"
      }
    },
    {
      "identity" : "swift-varint?tab=readme-ov-file",
      "kind" : "remoteSourceControl",
      "location" : "https://github.com/swift-libp2p/swift-varint?tab=readme-ov-file",
      "state" : {
        "revision" : "3d1e3c9ca4824d5acaf40ff46e96c0b956599271",
        "version" : "0.0.1"
      }
    }
  ],
  "version" : 2
}
