{
  "originHash" : "13c593500075e82ef47ea2925bf13fe21e0b3aa3d39d5e08889365e12075432e",
  "pins" : [
    {
      "identity" : "cocoaasyncsocket",
      "kind" : "remoteSourceControl",
      "location" : "https://github.com/robbiehanson/CocoaAsyncSocket",
      "state" : {
        "revision" : "dbdc00669c1ced63b27c3c5f052ee4d28f10150c",
        "version" : "7.6.5"
      }
    },
    {
      "identity" : "datastructures",
      "kind" : "remoteSourceControl",
      "location" : "https://github.com/EgorNikitin94/DataStructures",
      "state" : {
        "branch" : "main",
        "revision" : "63fa3d23de1cabfa81656969a358cd0da401b67e"
      }
    },
    {
      "identity" : "grdb.swift",
      "kind" : "remoteSourceControl",
      "location" : "https://github.com/groue/GRDB.swift.git",
      "state" : {
        "branch" : "master",
        "revision" : "2cf6c756e1e5ef6901ebae16576a7e4e4b834622"
      }
    },
    {
      "identity" : "reachability.swift",
      "kind" : "remoteSourceControl",
      "location" : "https://github.com/ashleymills/Reachability.swift",
      "state" : {
        "branch" : "master",
        "revision" : "c01127cb51f591045696128effe43c16840d08bf"
      }
    },
    {
      "identity" : "swift-atomics",
      "kind" : "remoteSourceControl",
      "location" : "https://github.com/apple/swift-atomics.git",
      "state" : {
        "revision" : "cd142fd2f64be2100422d658e7411e39489da985",
        "version" : "1.2.0"
      }
    },
    {
      "identity" : "swift-collections",
      "kind" : "remoteSourceControl",
      "location" : "https://github.com/apple/swift-collections.git",
      "state" : {
        "revision" : "94cf62b3ba8d4bed62680a282d4c25f9c63c2efb",
        "version" : "1.1.0"
      }
    },
    {
      "identity" : "swift-nio",
      "kind" : "remoteSourceControl",
      "location" : "https://github.com/apple/swift-nio.git",
      "state" : {
        "revision" : "359c461e5561d22c6334828806cc25d759ca7aa6",
        "version" : "2.65.0"
      }
    },
    {
      "identity" : "swift-protobuf",
      "kind" : "remoteSourceControl",
      "location" : "https://github.com/apple/swift-protobuf.git",
      "state" : {
        "revision" : "ce20dc083ee485524b802669890291c0d8090170",
        "version" : "1.22.1"
      }
    },
    {
      "identity" : "swift-system",
      "kind" : "remoteSourceControl",
      "location" : "https://github.com/apple/swift-system.git",
      "state" : {
        "revision" : "025bcb1165deab2e20d4eaba79967ce73013f496",
        "version" : "1.2.1"
      }
    },
    {
      "identity" : "swift-varint?tab=readme-ov-file",
      "kind" : "remoteSourceControl",
      "location" : "https://github.com/swift-libp2p/swift-varint?tab=readme-ov-file",
      "state" : {
        "revision" : "3d1e3c9ca4824d5acaf40ff46e96c0b956599271",
        "version" : "0.0.1"
      }
    }
  ],
  "version" : 3
}
