// !$*UTF8*$!
{
	archiveVersion = 1;
	classes = {
	};
	objectVersion = 56;
	objects = {

/* Begin PBXBuildFile section */
		007FACDA5A04F47AEBD9E84F /* ProfileAssembly.swift in Sources */ = {isa = PBXBuildFile; fileRef = 012AAF03AC15EAE0CFC32479 /* ProfileAssembly.swift */; };
		077BFCEFE2B82A8B94BE5300 /* ConversationView.swift in Sources */ = {isa = PBXBuildFile; fileRef = 3F8351BB16D96AAD205E0405 /* ConversationView.swift */; };
		10299AECB23133D1FC03752B /* DialogsListView.swift in Sources */ = {isa = PBXBuildFile; fileRef = 58F299032538B24D18F2B045 /* DialogsListView.swift */; };
		2183F719875BB0BE5C631AAE /* ProfileModel.swift in Sources */ = {isa = PBXBuildFile; fileRef = 8026B2EEB459BDC27CB5DA9E /* ProfileModel.swift */; };
		24F501EFF5623B3739B5F834 /* MediaPickerIntentProtocol.swift in Sources */ = {isa = PBXBuildFile; fileRef = 67D46D4CB8796D953650BEC5 /* MediaPickerIntentProtocol.swift */; };
		33E52F196F82C30AF72ECF6B /* MediaPickerIntent.swift in Sources */ = {isa = PBXBuildFile; fileRef = 1A9305200D8A9F2A24C95443 /* MediaPickerIntent.swift */; };
		419221B49D282D386C0E0D1B /* MediaPickerRouter.swift in Sources */ = {isa = PBXBuildFile; fileRef = 201348514212B3149E9D2272 /* MediaPickerRouter.swift */; };
		4EAF4713629BE4FAC511112D /* DialogsListIntentProtocol.swift in Sources */ = {isa = PBXBuildFile; fileRef = F6E2C22E4FBCFD1618EE3AAB /* DialogsListIntentProtocol.swift */; };
		5006DEE028FB4DE200BBAC2A /* TimeManager.swift in Sources */ = {isa = PBXBuildFile; fileRef = 5006DEDF28FB4DE200BBAC2A /* TimeManager.swift */; };
		5006DEE228FB58E200BBAC2A /* AvatarView.swift in Sources */ = {isa = PBXBuildFile; fileRef = 5006DEE128FB58E200BBAC2A /* AvatarView.swift */; };
		5006DEE428FC973F00BBAC2A /* AuthService.swift in Sources */ = {isa = PBXBuildFile; fileRef = 5006DEE328FC973F00BBAC2A /* AuthService.swift */; };
		5006DEE628FC975300BBAC2A /* DialogsService.swift in Sources */ = {isa = PBXBuildFile; fileRef = 5006DEE528FC975300BBAC2A /* DialogsService.swift */; };
		5006DEE828FC976400BBAC2A /* MessageService.swift in Sources */ = {isa = PBXBuildFile; fileRef = 5006DEE728FC976400BBAC2A /* MessageService.swift */; };
		5006DEEA28FC99D600BBAC2A /* BadgeView.swift in Sources */ = {isa = PBXBuildFile; fileRef = 5006DEE928FC99D600BBAC2A /* BadgeView.swift */; };
		5006DEEC28FC9EA700BBAC2A /* UserService.swift in Sources */ = {isa = PBXBuildFile; fileRef = 5006DEEB28FC9EA700BBAC2A /* UserService.swift */; };
		501233792A9BF50100CDF28B /* Separator.swift in Sources */ = {isa = PBXBuildFile; fileRef = 501233782A9BF50100CDF28B /* Separator.swift */; };
		50128F532B52BD9800F88CC2 /* RequestDispatcher.swift in Sources */ = {isa = PBXBuildFile; fileRef = 50128F522B52BD9800F88CC2 /* RequestDispatcher.swift */; };
		50128F572B52C2D300F88CC2 /* NetworkRequest.swift in Sources */ = {isa = PBXBuildFile; fileRef = 50128F562B52C2D300F88CC2 /* NetworkRequest.swift */; };
		50128F592B52C34E00F88CC2 /* TCPRequest.swift in Sources */ = {isa = PBXBuildFile; fileRef = 50128F582B52C34E00F88CC2 /* TCPRequest.swift */; };
		5014C52C2CAC86E200D07F00 /* KeyboardObserver.swift in Sources */ = {isa = PBXBuildFile; fileRef = 5014C52B2CAC86E200D07F00 /* KeyboardObserver.swift */; };
		5020FDE82B949CEF00115C05 /* PingRequest.swift in Sources */ = {isa = PBXBuildFile; fileRef = 5020FDE72B949CEF00115C05 /* PingRequest.swift */; };
		502672B82B8FC2F600809785 /* SmartReconectInterval.swift in Sources */ = {isa = PBXBuildFile; fileRef = 502672B72B8FC2F600809785 /* SmartReconectInterval.swift */; };
		50301AE228F61BAA0041CFFD /* ContentMessageView.swift in Sources */ = {isa = PBXBuildFile; fileRef = 50301AE128F61BA90041CFFD /* ContentMessageView.swift */; };
		50301AE428F61C280041CFFD /* MessageView.swift in Sources */ = {isa = PBXBuildFile; fileRef = 50301AE328F61C280041CFFD /* MessageView.swift */; };
		50329EAE2CADCF8E003C65C3 /* Monochrome.metal in Sources */ = {isa = PBXBuildFile; fileRef = 50329EAD2CADCF8E003C65C3 /* Monochrome.metal */; };
		50329EB02CADD089003C65C3 /* ShaderLibrary.swift in Sources */ = {isa = PBXBuildFile; fileRef = 50329EAF2CADD089003C65C3 /* ShaderLibrary.swift */; };
		50329EB32CADDD81003C65C3 /* PhotosLoader.swift in Sources */ = {isa = PBXBuildFile; fileRef = 50329EB22CADDD81003C65C3 /* PhotosLoader.swift */; };
		50329EB52CADE3CB003C65C3 /* MediaAsset.swift in Sources */ = {isa = PBXBuildFile; fileRef = 50329EB42CADE3CB003C65C3 /* MediaAsset.swift */; };
		50329EB82CADE9A5003C65C3 /* PHPhotoAsset.swift in Sources */ = {isa = PBXBuildFile; fileRef = 50329EB72CADE9A5003C65C3 /* PHPhotoAsset.swift */; };
		503836EB28FA0ACD00DE8ED0 /* AppColors.swift in Sources */ = {isa = PBXBuildFile; fileRef = 503836EA28FA0ACD00DE8ED0 /* AppColors.swift */; };
		503836ED28FA0AD600DE8ED0 /* AdaptiveForgroundColor.swift in Sources */ = {isa = PBXBuildFile; fileRef = 503836EC28FA0AD600DE8ED0 /* AdaptiveForgroundColor.swift */; };
		503836F328FA0D7700DE8ED0 /* View+extensions.swift in Sources */ = {isa = PBXBuildFile; fileRef = 503836F228FA0D7700DE8ED0 /* View+extensions.swift */; };
		503836F828FA167C00DE8ED0 /* DialogListDisplayItem.swift in Sources */ = {isa = PBXBuildFile; fileRef = 503836F728FA167C00DE8ED0 /* DialogListDisplayItem.swift */; };
		503979E72B81674900177D68 /* VarInt in Frameworks */ = {isa = PBXBuildFile; productRef = 503979E62B81674900177D68 /* VarInt */; };
		503A491C2A892F2A001ACBC5 /* ChatBubble.swift in Sources */ = {isa = PBXBuildFile; fileRef = 503A491B2A892F2A001ACBC5 /* ChatBubble.swift */; };
		503A491E2A892F3B001ACBC5 /* ChatBubbleShape.swift in Sources */ = {isa = PBXBuildFile; fileRef = 503A491D2A892F3B001ACBC5 /* ChatBubbleShape.swift */; };
		50410BF72B4853F000E1D9F2 /* User.swift in Sources */ = {isa = PBXBuildFile; fileRef = 50410BF62B4853F000E1D9F2 /* User.swift */; };
		50410BF92B4853FD00E1D9F2 /* Dialog.swift in Sources */ = {isa = PBXBuildFile; fileRef = 50410BF82B4853FD00E1D9F2 /* Dialog.swift */; };
		50410BFB2B48540900E1D9F2 /* Message.swift in Sources */ = {isa = PBXBuildFile; fileRef = 50410BFA2B48540900E1D9F2 /* Message.swift */; };
		50410BFD2B4855C500E1D9F2 /* TcpTransport.swift in Sources */ = {isa = PBXBuildFile; fileRef = 50410BFC2B4855C500E1D9F2 /* TcpTransport.swift */; };
		505121DE2A917A5800EAE4B0 /* SwiftProtobuf in Frameworks */ = {isa = PBXBuildFile; productRef = 505121DD2A917A5800EAE4B0 /* SwiftProtobuf */; };
		505121E02A917A5800EAE4B0 /* SwiftProtobufPluginLibrary in Frameworks */ = {isa = PBXBuildFile; productRef = 505121DF2A917A5800EAE4B0 /* SwiftProtobufPluginLibrary */; };
		505121E22A917A5800EAE4B0 /* protoc-gen-swift in Frameworks */ = {isa = PBXBuildFile; productRef = 505121E12A917A5800EAE4B0 /* protoc-gen-swift */; };
		505410AA28F219D2006D4875 /* DialogListRowView.swift in Sources */ = {isa = PBXBuildFile; fileRef = 505410A928F219D2006D4875 /* DialogListRowView.swift */; };
		5058C02B2AA3AA7600A35D84 /* TrackableScrollView.swift in Sources */ = {isa = PBXBuildFile; fileRef = 5058C02A2AA3AA7600A35D84 /* TrackableScrollView.swift */; };
		5067ED072A843F7F00C5FA11 /* MVIContainer.swift in Sources */ = {isa = PBXBuildFile; fileRef = 5067ECFD2A843F7F00C5FA11 /* MVIContainer.swift */; };
		5067ED082A843F7F00C5FA11 /* RouterScreenProtocol.swift in Sources */ = {isa = PBXBuildFile; fileRef = 5067ECFF2A843F7F00C5FA11 /* RouterScreenProtocol.swift */; };
		5067ED092A843F7F00C5FA11 /* RouterSheetModifier.swift in Sources */ = {isa = PBXBuildFile; fileRef = 5067ED012A843F7F00C5FA11 /* RouterSheetModifier.swift */; };
		5067ED0A2A843F7F00C5FA11 /* RouterNavigationStackModifier.swift in Sources */ = {isa = PBXBuildFile; fileRef = 5067ED022A843F7F00C5FA11 /* RouterNavigationStackModifier.swift */; };
		5067ED0B2A843F7F00C5FA11 /* RouterNavigationViewModifier.swift in Sources */ = {isa = PBXBuildFile; fileRef = 5067ED032A843F7F00C5FA11 /* RouterNavigationViewModifier.swift */; };
		5067ED0C2A843F7F00C5FA11 /* RouterAlertModifier.swift in Sources */ = {isa = PBXBuildFile; fileRef = 5067ED042A843F7F00C5FA11 /* RouterAlertModifier.swift */; };
		5067ED0D2A843F7F00C5FA11 /* RouterCloseModifier.swift in Sources */ = {isa = PBXBuildFile; fileRef = 5067ED052A843F7F00C5FA11 /* RouterCloseModifier.swift */; };
		5067ED0E2A843F7F00C5FA11 /* RouterProtocol.swift in Sources */ = {isa = PBXBuildFile; fileRef = 5067ED062A843F7F00C5FA11 /* RouterProtocol.swift */; };
		5067F5082B53F88E0085AF56 /* RequestIdCounter.swift in Sources */ = {isa = PBXBuildFile; fileRef = 5067F5072B53F88E0085AF56 /* RequestIdCounter.swift */; };
		5067F50C2B540DF20085AF56 /* NetworkAssembly.swift in Sources */ = {isa = PBXBuildFile; fileRef = 5067F50B2B540DF20085AF56 /* NetworkAssembly.swift */; };
		5067F50E2B5419F30085AF56 /* NetworkService.swift in Sources */ = {isa = PBXBuildFile; fileRef = 5067F50D2B5419F30085AF56 /* NetworkService.swift */; };
		5067F5102B541A0B0085AF56 /* Service.swift in Sources */ = {isa = PBXBuildFile; fileRef = 5067F50F2B541A0B0085AF56 /* Service.swift */; };
		5067F5142B541F340085AF56 /* SysInitRequest.swift in Sources */ = {isa = PBXBuildFile; fileRef = 5067F5132B541F340085AF56 /* SysInitRequest.swift */; };
		5073DE212B9BBE1500CF8C89 /* Peer.swift in Sources */ = {isa = PBXBuildFile; fileRef = 5073DE202B9BBE1500CF8C89 /* Peer.swift */; };
		5078656D2B8891CD00BF40DA /* Reachability in Frameworks */ = {isa = PBXBuildFile; productRef = 5078656C2B8891CD00BF40DA /* Reachability */; };
		507F398A2909C678002571DB /* TcpConnection.swift in Sources */ = {isa = PBXBuildFile; fileRef = 507F39892909C678002571DB /* TcpConnection.swift */; };
		508359292AF42B0F00AFE301 /* DataStructures in Frameworks */ = {isa = PBXBuildFile; productRef = 508359282AF42B0F00AFE301 /* DataStructures */; };
		5083C48B2B4ADCAE00656BEC /* View+Modify.swift in Sources */ = {isa = PBXBuildFile; fileRef = 5083C48A2B4ADCAE00656BEC /* View+Modify.swift */; };
		5083C48D2B4ADF6100656BEC /* View+If.swift in Sources */ = {isa = PBXBuildFile; fileRef = 5083C48C2B4ADF6100656BEC /* View+If.swift */; };
		5083C4C22B4AE71600656BEC /* RootModelProtocol.swift in Sources */ = {isa = PBXBuildFile; fileRef = 5083C4B72B4AE71600656BEC /* RootModelProtocol.swift */; };
		5083C4C32B4AE71600656BEC /* RootModel.swift in Sources */ = {isa = PBXBuildFile; fileRef = 5083C4B82B4AE71600656BEC /* RootModel.swift */; };
		5083C4C42B4AE71600656BEC /* RootAssembly.swift in Sources */ = {isa = PBXBuildFile; fileRef = 5083C4BA2B4AE71600656BEC /* RootAssembly.swift */; };
		5083C4C52B4AE71600656BEC /* RootIntent.swift in Sources */ = {isa = PBXBuildFile; fileRef = 5083C4BC2B4AE71600656BEC /* RootIntent.swift */; };
		5083C4C62B4AE71600656BEC /* RootIntentProtocol.swift in Sources */ = {isa = PBXBuildFile; fileRef = 5083C4BD2B4AE71600656BEC /* RootIntentProtocol.swift */; };
		5083C4C72B4AE71600656BEC /* RootView.swift in Sources */ = {isa = PBXBuildFile; fileRef = 5083C4BF2B4AE71600656BEC /* RootView.swift */; };
		5083C4C82B4AE71600656BEC /* RootRouter.swift in Sources */ = {isa = PBXBuildFile; fileRef = 5083C4C12B4AE71600656BEC /* RootRouter.swift */; };
		509D7A952A87BFB80025C0B9 /* GRDB in Frameworks */ = {isa = PBXBuildFile; productRef = 509D7A942A87BFB80025C0B9 /* GRDB */; };
		509D7A982A87C9FF0025C0B9 /* SQLiteStore.swift in Sources */ = {isa = PBXBuildFile; fileRef = 509D7A972A87C9FF0025C0B9 /* SQLiteStore.swift */; };
		509D7A9B2A87FA1B0025C0B9 /* MessageDisplayItem.swift in Sources */ = {isa = PBXBuildFile; fileRef = 509D7A9A2A87FA1B0025C0B9 /* MessageDisplayItem.swift */; };
		509D7A9E2A881BF80025C0B9 /* CocoaAsyncSocket in Frameworks */ = {isa = PBXBuildFile; productRef = 509D7A9D2A881BF80025C0B9 /* CocoaAsyncSocket */; };
		50A5A3742BAF45BC0045F146 /* Chat.swift in Sources */ = {isa = PBXBuildFile; fileRef = 50A5A3732BAF45BC0045F146 /* Chat.swift */; };
		50A893362B8297770048F42C /* NetworkResponse.swift in Sources */ = {isa = PBXBuildFile; fileRef = 50A893352B8297770048F42C /* NetworkResponse.swift */; };
		50A893392B82B7BA0048F42C /* UserDefaultsStored.swift in Sources */ = {isa = PBXBuildFile; fileRef = 50A893382B82B7BA0048F42C /* UserDefaultsStored.swift */; };
		50B298CA2B93DF9C00E2ECF3 /* auth.pb.swift in Sources */ = {isa = PBXBuildFile; fileRef = 50B298C42B93DF9C00E2ECF3 /* auth.pb.swift */; };
		50B298CB2B93DF9C00E2ECF3 /* dialogs.pb.swift in Sources */ = {isa = PBXBuildFile; fileRef = 50B298C52B93DF9C00E2ECF3 /* dialogs.pb.swift */; };
		50B298CC2B93DF9C00E2ECF3 /* messages.pb.swift in Sources */ = {isa = PBXBuildFile; fileRef = 50B298C62B93DF9C00E2ECF3 /* messages.pb.swift */; };
		50B298CD2B93DF9C00E2ECF3 /* users.pb.swift in Sources */ = {isa = PBXBuildFile; fileRef = 50B298C72B93DF9C00E2ECF3 /* users.pb.swift */; };
		50B298CE2B93DF9C00E2ECF3 /* local_chat.pb.swift in Sources */ = {isa = PBXBuildFile; fileRef = 50B298C82B93DF9C00E2ECF3 /* local_chat.pb.swift */; };
		50B298CF2B93DF9C00E2ECF3 /* sys.pb.swift in Sources */ = {isa = PBXBuildFile; fileRef = 50B298C92B93DF9C00E2ECF3 /* sys.pb.swift */; };
		50B3C5252919A9B70089A376 /* FileStore.swift in Sources */ = {isa = PBXBuildFile; fileRef = 50B3C5242919A9B70089A376 /* FileStore.swift */; };
		50BCB7292B867D11001902CB /* Localizable.xcstrings in Resources */ = {isa = PBXBuildFile; fileRef = 50BCB7282B867D11001902CB /* Localizable.xcstrings */; };
		50BCB72C2B868301001902CB /* Logger.swift in Sources */ = {isa = PBXBuildFile; fileRef = 50BCB72B2B868301001902CB /* Logger.swift */; };
		50BCB72E2B869CC9001902CB /* ServicesCatalog.swift in Sources */ = {isa = PBXBuildFile; fileRef = 50BCB72D2B869CC9001902CB /* ServicesCatalog.swift */; };
		50C6D5102BE2E0F700F1B810 /* NIO in Frameworks */ = {isa = PBXBuildFile; productRef = 50C6D50F2BE2E0F700F1B810 /* NIO */; };
		50C6D5122BE2E0F700F1B810 /* NIOConcurrencyHelpers in Frameworks */ = {isa = PBXBuildFile; productRef = 50C6D5112BE2E0F700F1B810 /* NIOConcurrencyHelpers */; };
		50C6D5142BE2E0F700F1B810 /* NIOCore in Frameworks */ = {isa = PBXBuildFile; productRef = 50C6D5132BE2E0F700F1B810 /* NIOCore */; };
		50C6D5162BE2E0F700F1B810 /* NIOEmbedded in Frameworks */ = {isa = PBXBuildFile; productRef = 50C6D5152BE2E0F700F1B810 /* NIOEmbedded */; };
		50C6D5182BE2E0F700F1B810 /* NIOFoundationCompat in Frameworks */ = {isa = PBXBuildFile; productRef = 50C6D5172BE2E0F700F1B810 /* NIOFoundationCompat */; };
		50D8EE2C2B38DC26005BC57B /* SQLiteMigrationManager.swift in Sources */ = {isa = PBXBuildFile; fileRef = 50D8EE2B2B38DC26005BC57B /* SQLiteMigrationManager.swift */; };
		50DEEAC328EF8626004B5199 /* LocalChatApp.swift in Sources */ = {isa = PBXBuildFile; fileRef = 50DEEAC228EF8626004B5199 /* LocalChatApp.swift */; };
		50DEEAC728EF8629004B5199 /* Assets.xcassets in Resources */ = {isa = PBXBuildFile; fileRef = 50DEEAC628EF8629004B5199 /* Assets.xcassets */; };
		50DEEACA28EF8629004B5199 /* Preview Assets.xcassets in Resources */ = {isa = PBXBuildFile; fileRef = 50DEEAC928EF8629004B5199 /* Preview Assets.xcassets */; };
		50DEEADA28EF8C6D004B5199 /* BackgroundView.swift in Sources */ = {isa = PBXBuildFile; fileRef = 50DEEAD928EF8C6D004B5199 /* BackgroundView.swift */; };
		55EF727C8971C458581570A2 /* ConversationIntent.swift in Sources */ = {isa = PBXBuildFile; fileRef = C753E34038BC6BBA02FF5551 /* ConversationIntent.swift */; };
		609EA7EF519A91E8229A20D7 /* ConversationIntentProtocol.swift in Sources */ = {isa = PBXBuildFile; fileRef = E724A6072C3B2EC58817D5EC /* ConversationIntentProtocol.swift */; };
		6CFAA4D9C05D313C85C64E2E /* ConversationModel.swift in Sources */ = {isa = PBXBuildFile; fileRef = F88E90376B302EC834871DA2 /* ConversationModel.swift */; };
		6F2FEDFEAB1DABC2A5C13AF1 /* AuthView.swift in Sources */ = {isa = PBXBuildFile; fileRef = 8A25D0F73C1E7FE276A8A3DF /* AuthView.swift */; };
		7C7803E8654F09E11C0C9392 /* ProfileView.swift in Sources */ = {isa = PBXBuildFile; fileRef = 5BB44FD67BCB0378C32F5195 /* ProfileView.swift */; };
		8C57544A33DF111C355CEF53 /* ProfileRouter.swift in Sources */ = {isa = PBXBuildFile; fileRef = 4AE8F774648A9E7216555B16 /* ProfileRouter.swift */; };
		A5C29E116FDD801BDA417C20 /* DialogsListModel.swift in Sources */ = {isa = PBXBuildFile; fileRef = 51F172826E2E07E7269C2E93 /* DialogsListModel.swift */; };
		A9C95046EF0F612A0D8CF98A /* ProfileIntentProtocol.swift in Sources */ = {isa = PBXBuildFile; fileRef = 84C3D77B0DD915BD248AA995 /* ProfileIntentProtocol.swift */; };
		B3888F1D68552FD227650DC6 /* AuthIntentProtocol.swift in Sources */ = {isa = PBXBuildFile; fileRef = FDA50BF0B73649DC0F7803A0 /* AuthIntentProtocol.swift */; };
		B57501DCDA7FD7067F3356C0 /* AuthModel.swift in Sources */ = {isa = PBXBuildFile; fileRef = DB0239D9CC793918EF6D9F87 /* AuthModel.swift */; };
		B59A935B7D961446B8FA3234 /* MediaPickerModel.swift in Sources */ = {isa = PBXBuildFile; fileRef = 569E9D5392E53F02317A2B9D /* MediaPickerModel.swift */; };
		BF47D9FA3F35C8113BF2FAB6 /* DialogsListIntent.swift in Sources */ = {isa = PBXBuildFile; fileRef = 1102950004D7DDDBED74B281 /* DialogsListIntent.swift */; };
		CC3AC42616D1E20AF34119E1 /* DialogsListModelProtocol.swift in Sources */ = {isa = PBXBuildFile; fileRef = 9EAFA470D621A91CC985AC38 /* DialogsListModelProtocol.swift */; };
		D340135EF06585F39EA7C10B /* MediaPickerAssembly.swift in Sources */ = {isa = PBXBuildFile; fileRef = 63CC2B2CC884E4F772C0BBAB /* MediaPickerAssembly.swift */; };
		D41EBB73E3DF069FC4F97C8E /* DialogsListAssembly.swift in Sources */ = {isa = PBXBuildFile; fileRef = ECB0EE17D8602E29BDC6A670 /* DialogsListAssembly.swift */; };
		D4D3781E053C53E7CD0C28A4 /* AuthAssembly.swift in Sources */ = {isa = PBXBuildFile; fileRef = B8417C6B1BF1A2C695EFC386 /* AuthAssembly.swift */; };
		DB54EE370D6BDC2AC27C2F84 /* ConversationRouter.swift in Sources */ = {isa = PBXBuildFile; fileRef = BEA444DBC9BE63508E44460D /* ConversationRouter.swift */; };
		DE6A51D9BD604EDCEAD75CCE /* DialogsListRouter.swift in Sources */ = {isa = PBXBuildFile; fileRef = 48506FA651CF1090D4426FFD /* DialogsListRouter.swift */; };
		E13339B9670D802A2D47FE6E /* ConversationAssembly.swift in Sources */ = {isa = PBXBuildFile; fileRef = 89585BC03F0BB6F57A7A6EE5 /* ConversationAssembly.swift */; };
		E64E94063FD561526681B5A4 /* AuthModelProtocol.swift in Sources */ = {isa = PBXBuildFile; fileRef = 9D3E8E4255757F4F51C1EA5F /* AuthModelProtocol.swift */; };
		E6968AE3AEFC9D0B6E0A7B98 /* MediaPickerView.swift in Sources */ = {isa = PBXBuildFile; fileRef = CDF6228007A28B530A93E0E3 /* MediaPickerView.swift */; };
		E952031A2931B1186D4E5515 /* MediaPickerModelProtocol.swift in Sources */ = {isa = PBXBuildFile; fileRef = FA47831B21369817050EA6E8 /* MediaPickerModelProtocol.swift */; };
		E9DA5AD2E69C3A0716DAD223 /* ConversationModelProtocol.swift in Sources */ = {isa = PBXBuildFile; fileRef = 51463633A601257E81FC34EB /* ConversationModelProtocol.swift */; };
		F1FBFEAF04F94FF45BDF1AA1 /* AuthIntent.swift in Sources */ = {isa = PBXBuildFile; fileRef = 531145FDBF328CCE083045E1 /* AuthIntent.swift */; };
		FEC07D5FB2E1E7F96C82B5AF /* AuthRouter.swift in Sources */ = {isa = PBXBuildFile; fileRef = 6930B334BC456E1B2AF8CCE4 /* AuthRouter.swift */; };
		FF0F26E83CA9C629BAAC4C54 /* ProfileModelProtocol.swift in Sources */ = {isa = PBXBuildFile; fileRef = 19431000421480C12F3A384D /* ProfileModelProtocol.swift */; };
		FFA7A2AEFECB62C478732EC3 /* ProfileIntent.swift in Sources */ = {isa = PBXBuildFile; fileRef = A46C2E9D2CD1A5ECE4921D6D /* ProfileIntent.swift */; };
/* End PBXBuildFile section */

/* Begin PBXFileReference section */
		012AAF03AC15EAE0CFC32479 /* ProfileAssembly.swift */ = {isa = PBXFileReference; includeInIndex = 1; lastKnownFileType = sourcecode.swift; path = ProfileAssembly.swift; sourceTree = "<group>"; };
		1102950004D7DDDBED74B281 /* DialogsListIntent.swift */ = {isa = PBXFileReference; includeInIndex = 1; lastKnownFileType = sourcecode.swift; path = DialogsListIntent.swift; sourceTree = "<group>"; };
		19431000421480C12F3A384D /* ProfileModelProtocol.swift */ = {isa = PBXFileReference; includeInIndex = 1; lastKnownFileType = sourcecode.swift; path = ProfileModelProtocol.swift; sourceTree = "<group>"; };
		1A9305200D8A9F2A24C95443 /* MediaPickerIntent.swift */ = {isa = PBXFileReference; includeInIndex = 1; lastKnownFileType = sourcecode.swift; path = MediaPickerIntent.swift; sourceTree = "<group>"; };
		201348514212B3149E9D2272 /* MediaPickerRouter.swift */ = {isa = PBXFileReference; includeInIndex = 1; lastKnownFileType = sourcecode.swift; path = MediaPickerRouter.swift; sourceTree = "<group>"; };
		3F8351BB16D96AAD205E0405 /* ConversationView.swift */ = {isa = PBXFileReference; includeInIndex = 1; lastKnownFileType = sourcecode.swift; path = ConversationView.swift; sourceTree = "<group>"; };
		48506FA651CF1090D4426FFD /* DialogsListRouter.swift */ = {isa = PBXFileReference; includeInIndex = 1; lastKnownFileType = sourcecode.swift; path = DialogsListRouter.swift; sourceTree = "<group>"; };
		4AE8F774648A9E7216555B16 /* ProfileRouter.swift */ = {isa = PBXFileReference; includeInIndex = 1; lastKnownFileType = sourcecode.swift; path = ProfileRouter.swift; sourceTree = "<group>"; };
		5006DEDF28FB4DE200BBAC2A /* TimeManager.swift */ = {isa = PBXFileReference; lastKnownFileType = sourcecode.swift; path = TimeManager.swift; sourceTree = "<group>"; };
		5006DEE128FB58E200BBAC2A /* AvatarView.swift */ = {isa = PBXFileReference; lastKnownFileType = sourcecode.swift; path = AvatarView.swift; sourceTree = "<group>"; };
		5006DEE328FC973F00BBAC2A /* AuthService.swift */ = {isa = PBXFileReference; lastKnownFileType = sourcecode.swift; path = AuthService.swift; sourceTree = "<group>"; };
		5006DEE528FC975300BBAC2A /* DialogsService.swift */ = {isa = PBXFileReference; lastKnownFileType = sourcecode.swift; path = DialogsService.swift; sourceTree = "<group>"; };
		5006DEE728FC976400BBAC2A /* MessageService.swift */ = {isa = PBXFileReference; lastKnownFileType = sourcecode.swift; path = MessageService.swift; sourceTree = "<group>"; };
		5006DEE928FC99D600BBAC2A /* BadgeView.swift */ = {isa = PBXFileReference; lastKnownFileType = sourcecode.swift; path = BadgeView.swift; sourceTree = "<group>"; };
		5006DEEB28FC9EA700BBAC2A /* UserService.swift */ = {isa = PBXFileReference; lastKnownFileType = sourcecode.swift; path = UserService.swift; sourceTree = "<group>"; };
		501233782A9BF50100CDF28B /* Separator.swift */ = {isa = PBXFileReference; lastKnownFileType = sourcecode.swift; path = Separator.swift; sourceTree = "<group>"; };
		50128F522B52BD9800F88CC2 /* RequestDispatcher.swift */ = {isa = PBXFileReference; lastKnownFileType = sourcecode.swift; path = RequestDispatcher.swift; sourceTree = "<group>"; };
		50128F562B52C2D300F88CC2 /* NetworkRequest.swift */ = {isa = PBXFileReference; lastKnownFileType = sourcecode.swift; path = NetworkRequest.swift; sourceTree = "<group>"; };
		50128F582B52C34E00F88CC2 /* TCPRequest.swift */ = {isa = PBXFileReference; lastKnownFileType = sourcecode.swift; path = TCPRequest.swift; sourceTree = "<group>"; };
		5014C52B2CAC86E200D07F00 /* KeyboardObserver.swift */ = {isa = PBXFileReference; lastKnownFileType = sourcecode.swift; path = KeyboardObserver.swift; sourceTree = "<group>"; };
		5020FDE72B949CEF00115C05 /* PingRequest.swift */ = {isa = PBXFileReference; lastKnownFileType = sourcecode.swift; path = PingRequest.swift; sourceTree = "<group>"; };
		502672B72B8FC2F600809785 /* SmartReconectInterval.swift */ = {isa = PBXFileReference; lastKnownFileType = sourcecode.swift; path = SmartReconectInterval.swift; sourceTree = "<group>"; };
		50301AE128F61BA90041CFFD /* ContentMessageView.swift */ = {isa = PBXFileReference; lastKnownFileType = sourcecode.swift; path = ContentMessageView.swift; sourceTree = "<group>"; };
		50301AE328F61C280041CFFD /* MessageView.swift */ = {isa = PBXFileReference; lastKnownFileType = sourcecode.swift; path = MessageView.swift; sourceTree = "<group>"; };
		50329EAD2CADCF8E003C65C3 /* Monochrome.metal */ = {isa = PBXFileReference; lastKnownFileType = sourcecode.metal; path = Monochrome.metal; sourceTree = "<group>"; };
		50329EAF2CADD089003C65C3 /* ShaderLibrary.swift */ = {isa = PBXFileReference; lastKnownFileType = sourcecode.swift; path = ShaderLibrary.swift; sourceTree = "<group>"; };
		50329EB22CADDD81003C65C3 /* PhotosLoader.swift */ = {isa = PBXFileReference; lastKnownFileType = sourcecode.swift; path = PhotosLoader.swift; sourceTree = "<group>"; };
		50329EB42CADE3CB003C65C3 /* MediaAsset.swift */ = {isa = PBXFileReference; lastKnownFileType = sourcecode.swift; path = MediaAsset.swift; sourceTree = "<group>"; };
		50329EB72CADE9A5003C65C3 /* PHPhotoAsset.swift */ = {isa = PBXFileReference; lastKnownFileType = sourcecode.swift; path = PHPhotoAsset.swift; sourceTree = "<group>"; };
		503836EA28FA0ACD00DE8ED0 /* AppColors.swift */ = {isa = PBXFileReference; fileEncoding = 4; lastKnownFileType = sourcecode.swift; path = AppColors.swift; sourceTree = "<group>"; };
		503836EC28FA0AD600DE8ED0 /* AdaptiveForgroundColor.swift */ = {isa = PBXFileReference; fileEncoding = 4; lastKnownFileType = sourcecode.swift; path = AdaptiveForgroundColor.swift; sourceTree = "<group>"; };
		503836F228FA0D7700DE8ED0 /* View+extensions.swift */ = {isa = PBXFileReference; lastKnownFileType = sourcecode.swift; path = "View+extensions.swift"; sourceTree = "<group>"; };
		503836F728FA167C00DE8ED0 /* DialogListDisplayItem.swift */ = {isa = PBXFileReference; lastKnownFileType = sourcecode.swift; path = DialogListDisplayItem.swift; sourceTree = "<group>"; };
		503A491B2A892F2A001ACBC5 /* ChatBubble.swift */ = {isa = PBXFileReference; lastKnownFileType = sourcecode.swift; path = ChatBubble.swift; sourceTree = "<group>"; };
		503A491D2A892F3B001ACBC5 /* ChatBubbleShape.swift */ = {isa = PBXFileReference; lastKnownFileType = sourcecode.swift; path = ChatBubbleShape.swift; sourceTree = "<group>"; };
		50410BF62B4853F000E1D9F2 /* User.swift */ = {isa = PBXFileReference; lastKnownFileType = sourcecode.swift; path = User.swift; sourceTree = "<group>"; };
		50410BF82B4853FD00E1D9F2 /* Dialog.swift */ = {isa = PBXFileReference; lastKnownFileType = sourcecode.swift; path = Dialog.swift; sourceTree = "<group>"; };
		50410BFA2B48540900E1D9F2 /* Message.swift */ = {isa = PBXFileReference; lastKnownFileType = sourcecode.swift; path = Message.swift; sourceTree = "<group>"; };
		50410BFC2B4855C500E1D9F2 /* TcpTransport.swift */ = {isa = PBXFileReference; lastKnownFileType = sourcecode.swift; path = TcpTransport.swift; sourceTree = "<group>"; };
		505410A928F219D2006D4875 /* DialogListRowView.swift */ = {isa = PBXFileReference; lastKnownFileType = sourcecode.swift; path = DialogListRowView.swift; sourceTree = "<group>"; };
		5058C02A2AA3AA7600A35D84 /* TrackableScrollView.swift */ = {isa = PBXFileReference; lastKnownFileType = sourcecode.swift; path = TrackableScrollView.swift; sourceTree = "<group>"; };
		5067ECFD2A843F7F00C5FA11 /* MVIContainer.swift */ = {isa = PBXFileReference; fileEncoding = 4; lastKnownFileType = sourcecode.swift; path = MVIContainer.swift; sourceTree = "<group>"; };
		5067ECFF2A843F7F00C5FA11 /* RouterScreenProtocol.swift */ = {isa = PBXFileReference; fileEncoding = 4; lastKnownFileType = sourcecode.swift; path = RouterScreenProtocol.swift; sourceTree = "<group>"; };
		5067ED012A843F7F00C5FA11 /* RouterSheetModifier.swift */ = {isa = PBXFileReference; fileEncoding = 4; lastKnownFileType = sourcecode.swift; path = RouterSheetModifier.swift; sourceTree = "<group>"; };
		5067ED022A843F7F00C5FA11 /* RouterNavigationStackModifier.swift */ = {isa = PBXFileReference; fileEncoding = 4; lastKnownFileType = sourcecode.swift; path = RouterNavigationStackModifier.swift; sourceTree = "<group>"; };
		5067ED032A843F7F00C5FA11 /* RouterNavigationViewModifier.swift */ = {isa = PBXFileReference; fileEncoding = 4; lastKnownFileType = sourcecode.swift; path = RouterNavigationViewModifier.swift; sourceTree = "<group>"; };
		5067ED042A843F7F00C5FA11 /* RouterAlertModifier.swift */ = {isa = PBXFileReference; fileEncoding = 4; lastKnownFileType = sourcecode.swift; path = RouterAlertModifier.swift; sourceTree = "<group>"; };
		5067ED052A843F7F00C5FA11 /* RouterCloseModifier.swift */ = {isa = PBXFileReference; fileEncoding = 4; lastKnownFileType = sourcecode.swift; path = RouterCloseModifier.swift; sourceTree = "<group>"; };
		5067ED062A843F7F00C5FA11 /* RouterProtocol.swift */ = {isa = PBXFileReference; fileEncoding = 4; lastKnownFileType = sourcecode.swift; path = RouterProtocol.swift; sourceTree = "<group>"; };
		5067F5072B53F88E0085AF56 /* RequestIdCounter.swift */ = {isa = PBXFileReference; lastKnownFileType = sourcecode.swift; path = RequestIdCounter.swift; sourceTree = "<group>"; };
		5067F50B2B540DF20085AF56 /* NetworkAssembly.swift */ = {isa = PBXFileReference; lastKnownFileType = sourcecode.swift; path = NetworkAssembly.swift; sourceTree = "<group>"; };
		5067F50D2B5419F30085AF56 /* NetworkService.swift */ = {isa = PBXFileReference; lastKnownFileType = sourcecode.swift; path = NetworkService.swift; sourceTree = "<group>"; };
		5067F50F2B541A0B0085AF56 /* Service.swift */ = {isa = PBXFileReference; lastKnownFileType = sourcecode.swift; path = Service.swift; sourceTree = "<group>"; };
		5067F5132B541F340085AF56 /* SysInitRequest.swift */ = {isa = PBXFileReference; lastKnownFileType = sourcecode.swift; path = SysInitRequest.swift; sourceTree = "<group>"; };
		5073DE202B9BBE1500CF8C89 /* Peer.swift */ = {isa = PBXFileReference; lastKnownFileType = sourcecode.swift; path = Peer.swift; sourceTree = "<group>"; };
		507F39892909C678002571DB /* TcpConnection.swift */ = {isa = PBXFileReference; lastKnownFileType = sourcecode.swift; path = TcpConnection.swift; sourceTree = "<group>"; };
		5083C48A2B4ADCAE00656BEC /* View+Modify.swift */ = {isa = PBXFileReference; fileEncoding = 4; lastKnownFileType = sourcecode.swift; path = "View+Modify.swift"; sourceTree = "<group>"; };
		5083C48C2B4ADF6100656BEC /* View+If.swift */ = {isa = PBXFileReference; lastKnownFileType = sourcecode.swift; path = "View+If.swift"; sourceTree = "<group>"; };
		5083C4B72B4AE71600656BEC /* RootModelProtocol.swift */ = {isa = PBXFileReference; fileEncoding = 4; lastKnownFileType = sourcecode.swift; path = RootModelProtocol.swift; sourceTree = "<group>"; };
		5083C4B82B4AE71600656BEC /* RootModel.swift */ = {isa = PBXFileReference; fileEncoding = 4; lastKnownFileType = sourcecode.swift; path = RootModel.swift; sourceTree = "<group>"; };
		5083C4BA2B4AE71600656BEC /* RootAssembly.swift */ = {isa = PBXFileReference; fileEncoding = 4; lastKnownFileType = sourcecode.swift; path = RootAssembly.swift; sourceTree = "<group>"; };
		5083C4BC2B4AE71600656BEC /* RootIntent.swift */ = {isa = PBXFileReference; fileEncoding = 4; lastKnownFileType = sourcecode.swift; path = RootIntent.swift; sourceTree = "<group>"; };
		5083C4BD2B4AE71600656BEC /* RootIntentProtocol.swift */ = {isa = PBXFileReference; fileEncoding = 4; lastKnownFileType = sourcecode.swift; path = RootIntentProtocol.swift; sourceTree = "<group>"; };
		5083C4BF2B4AE71600656BEC /* RootView.swift */ = {isa = PBXFileReference; fileEncoding = 4; lastKnownFileType = sourcecode.swift; path = RootView.swift; sourceTree = "<group>"; };
		5083C4C12B4AE71600656BEC /* RootRouter.swift */ = {isa = PBXFileReference; fileEncoding = 4; lastKnownFileType = sourcecode.swift; path = RootRouter.swift; sourceTree = "<group>"; };
		509D7A972A87C9FF0025C0B9 /* SQLiteStore.swift */ = {isa = PBXFileReference; lastKnownFileType = sourcecode.swift; path = SQLiteStore.swift; sourceTree = "<group>"; };
		509D7A9A2A87FA1B0025C0B9 /* MessageDisplayItem.swift */ = {isa = PBXFileReference; lastKnownFileType = sourcecode.swift; path = MessageDisplayItem.swift; sourceTree = "<group>"; };
		50A5A3732BAF45BC0045F146 /* Chat.swift */ = {isa = PBXFileReference; lastKnownFileType = sourcecode.swift; path = Chat.swift; sourceTree = "<group>"; };
		50A893352B8297770048F42C /* NetworkResponse.swift */ = {isa = PBXFileReference; lastKnownFileType = sourcecode.swift; path = NetworkResponse.swift; sourceTree = "<group>"; };
		50A893382B82B7BA0048F42C /* UserDefaultsStored.swift */ = {isa = PBXFileReference; lastKnownFileType = sourcecode.swift; path = UserDefaultsStored.swift; sourceTree = "<group>"; };
		50B298C22B93DAA200E2ECF3 /* protoGen.sh */ = {isa = PBXFileReference; lastKnownFileType = text.script.sh; path = protoGen.sh; sourceTree = "<group>"; };
		50B298C42B93DF9C00E2ECF3 /* auth.pb.swift */ = {isa = PBXFileReference; fileEncoding = 4; lastKnownFileType = sourcecode.swift; path = auth.pb.swift; sourceTree = "<group>"; };
		50B298C52B93DF9C00E2ECF3 /* dialogs.pb.swift */ = {isa = PBXFileReference; fileEncoding = 4; lastKnownFileType = sourcecode.swift; path = dialogs.pb.swift; sourceTree = "<group>"; };
		50B298C62B93DF9C00E2ECF3 /* messages.pb.swift */ = {isa = PBXFileReference; fileEncoding = 4; lastKnownFileType = sourcecode.swift; path = messages.pb.swift; sourceTree = "<group>"; };
		50B298C72B93DF9C00E2ECF3 /* users.pb.swift */ = {isa = PBXFileReference; fileEncoding = 4; lastKnownFileType = sourcecode.swift; path = users.pb.swift; sourceTree = "<group>"; };
		50B298C82B93DF9C00E2ECF3 /* local_chat.pb.swift */ = {isa = PBXFileReference; fileEncoding = 4; lastKnownFileType = sourcecode.swift; path = local_chat.pb.swift; sourceTree = "<group>"; };
		50B298C92B93DF9C00E2ECF3 /* sys.pb.swift */ = {isa = PBXFileReference; fileEncoding = 4; lastKnownFileType = sourcecode.swift; path = sys.pb.swift; sourceTree = "<group>"; };
		50B3C5242919A9B70089A376 /* FileStore.swift */ = {isa = PBXFileReference; lastKnownFileType = sourcecode.swift; path = FileStore.swift; sourceTree = "<group>"; };
		50BCB7282B867D11001902CB /* Localizable.xcstrings */ = {isa = PBXFileReference; lastKnownFileType = text.json.xcstrings; name = Localizable.xcstrings; path = LocalChat/Resources/Localizable.xcstrings; sourceTree = SOURCE_ROOT; };
		50BCB72B2B868301001902CB /* Logger.swift */ = {isa = PBXFileReference; lastKnownFileType = sourcecode.swift; path = Logger.swift; sourceTree = "<group>"; };
		50BCB72D2B869CC9001902CB /* ServicesCatalog.swift */ = {isa = PBXFileReference; lastKnownFileType = sourcecode.swift; path = ServicesCatalog.swift; sourceTree = "<group>"; };
		50D8EE2B2B38DC26005BC57B /* SQLiteMigrationManager.swift */ = {isa = PBXFileReference; lastKnownFileType = sourcecode.swift; path = SQLiteMigrationManager.swift; sourceTree = "<group>"; };
		50D8EE2D2B38DDBC005BC57B /* LocalChat.entitlements */ = {isa = PBXFileReference; lastKnownFileType = text.plist.entitlements; path = LocalChat.entitlements; sourceTree = "<group>"; };
		50DEEABF28EF8626004B5199 /* LocalChat.app */ = {isa = PBXFileReference; explicitFileType = wrapper.application; includeInIndex = 0; path = LocalChat.app; sourceTree = BUILT_PRODUCTS_DIR; };
		50DEEAC228EF8626004B5199 /* LocalChatApp.swift */ = {isa = PBXFileReference; lastKnownFileType = sourcecode.swift; path = LocalChatApp.swift; sourceTree = "<group>"; };
		50DEEAC628EF8629004B5199 /* Assets.xcassets */ = {isa = PBXFileReference; lastKnownFileType = folder.assetcatalog; path = Assets.xcassets; sourceTree = "<group>"; };
		50DEEAC928EF8629004B5199 /* Preview Assets.xcassets */ = {isa = PBXFileReference; lastKnownFileType = folder.assetcatalog; path = "Preview Assets.xcassets"; sourceTree = "<group>"; };
		50DEEAD928EF8C6D004B5199 /* BackgroundView.swift */ = {isa = PBXFileReference; lastKnownFileType = sourcecode.swift; path = BackgroundView.swift; sourceTree = "<group>"; };
		51463633A601257E81FC34EB /* ConversationModelProtocol.swift */ = {isa = PBXFileReference; includeInIndex = 1; lastKnownFileType = sourcecode.swift; path = ConversationModelProtocol.swift; sourceTree = "<group>"; };
		51F172826E2E07E7269C2E93 /* DialogsListModel.swift */ = {isa = PBXFileReference; includeInIndex = 1; lastKnownFileType = sourcecode.swift; path = DialogsListModel.swift; sourceTree = "<group>"; };
		531145FDBF328CCE083045E1 /* AuthIntent.swift */ = {isa = PBXFileReference; includeInIndex = 1; lastKnownFileType = sourcecode.swift; path = AuthIntent.swift; sourceTree = "<group>"; };
		569E9D5392E53F02317A2B9D /* MediaPickerModel.swift */ = {isa = PBXFileReference; includeInIndex = 1; lastKnownFileType = sourcecode.swift; path = MediaPickerModel.swift; sourceTree = "<group>"; };
		58F299032538B24D18F2B045 /* DialogsListView.swift */ = {isa = PBXFileReference; includeInIndex = 1; lastKnownFileType = sourcecode.swift; path = DialogsListView.swift; sourceTree = "<group>"; };
		5BB44FD67BCB0378C32F5195 /* ProfileView.swift */ = {isa = PBXFileReference; includeInIndex = 1; lastKnownFileType = sourcecode.swift; path = ProfileView.swift; sourceTree = "<group>"; };
		63CC2B2CC884E4F772C0BBAB /* MediaPickerAssembly.swift */ = {isa = PBXFileReference; includeInIndex = 1; lastKnownFileType = sourcecode.swift; path = MediaPickerAssembly.swift; sourceTree = "<group>"; };
		67D46D4CB8796D953650BEC5 /* MediaPickerIntentProtocol.swift */ = {isa = PBXFileReference; includeInIndex = 1; lastKnownFileType = sourcecode.swift; path = MediaPickerIntentProtocol.swift; sourceTree = "<group>"; };
		6930B334BC456E1B2AF8CCE4 /* AuthRouter.swift */ = {isa = PBXFileReference; includeInIndex = 1; lastKnownFileType = sourcecode.swift; path = AuthRouter.swift; sourceTree = "<group>"; };
		8026B2EEB459BDC27CB5DA9E /* ProfileModel.swift */ = {isa = PBXFileReference; includeInIndex = 1; lastKnownFileType = sourcecode.swift; path = ProfileModel.swift; sourceTree = "<group>"; };
		84C3D77B0DD915BD248AA995 /* ProfileIntentProtocol.swift */ = {isa = PBXFileReference; includeInIndex = 1; lastKnownFileType = sourcecode.swift; path = ProfileIntentProtocol.swift; sourceTree = "<group>"; };
		89585BC03F0BB6F57A7A6EE5 /* ConversationAssembly.swift */ = {isa = PBXFileReference; includeInIndex = 1; lastKnownFileType = sourcecode.swift; path = ConversationAssembly.swift; sourceTree = "<group>"; };
		8A25D0F73C1E7FE276A8A3DF /* AuthView.swift */ = {isa = PBXFileReference; includeInIndex = 1; lastKnownFileType = sourcecode.swift; path = AuthView.swift; sourceTree = "<group>"; };
		9D3E8E4255757F4F51C1EA5F /* AuthModelProtocol.swift */ = {isa = PBXFileReference; includeInIndex = 1; lastKnownFileType = sourcecode.swift; path = AuthModelProtocol.swift; sourceTree = "<group>"; };
		9EAFA470D621A91CC985AC38 /* DialogsListModelProtocol.swift */ = {isa = PBXFileReference; includeInIndex = 1; lastKnownFileType = sourcecode.swift; path = DialogsListModelProtocol.swift; sourceTree = "<group>"; };
		A46C2E9D2CD1A5ECE4921D6D /* ProfileIntent.swift */ = {isa = PBXFileReference; includeInIndex = 1; lastKnownFileType = sourcecode.swift; path = ProfileIntent.swift; sourceTree = "<group>"; };
		B8417C6B1BF1A2C695EFC386 /* AuthAssembly.swift */ = {isa = PBXFileReference; includeInIndex = 1; lastKnownFileType = sourcecode.swift; path = AuthAssembly.swift; sourceTree = "<group>"; };
		BEA444DBC9BE63508E44460D /* ConversationRouter.swift */ = {isa = PBXFileReference; includeInIndex = 1; lastKnownFileType = sourcecode.swift; path = ConversationRouter.swift; sourceTree = "<group>"; };
		C753E34038BC6BBA02FF5551 /* ConversationIntent.swift */ = {isa = PBXFileReference; includeInIndex = 1; lastKnownFileType = sourcecode.swift; path = ConversationIntent.swift; sourceTree = "<group>"; };
		CDF6228007A28B530A93E0E3 /* MediaPickerView.swift */ = {isa = PBXFileReference; includeInIndex = 1; lastKnownFileType = sourcecode.swift; path = MediaPickerView.swift; sourceTree = "<group>"; };
		DB0239D9CC793918EF6D9F87 /* AuthModel.swift */ = {isa = PBXFileReference; includeInIndex = 1; lastKnownFileType = sourcecode.swift; path = AuthModel.swift; sourceTree = "<group>"; };
		E724A6072C3B2EC58817D5EC /* ConversationIntentProtocol.swift */ = {isa = PBXFileReference; includeInIndex = 1; lastKnownFileType = sourcecode.swift; path = ConversationIntentProtocol.swift; sourceTree = "<group>"; };
		ECB0EE17D8602E29BDC6A670 /* DialogsListAssembly.swift */ = {isa = PBXFileReference; includeInIndex = 1; lastKnownFileType = sourcecode.swift; path = DialogsListAssembly.swift; sourceTree = "<group>"; };
		F6E2C22E4FBCFD1618EE3AAB /* DialogsListIntentProtocol.swift */ = {isa = PBXFileReference; includeInIndex = 1; lastKnownFileType = sourcecode.swift; path = DialogsListIntentProtocol.swift; sourceTree = "<group>"; };
		F88E90376B302EC834871DA2 /* ConversationModel.swift */ = {isa = PBXFileReference; includeInIndex = 1; lastKnownFileType = sourcecode.swift; path = ConversationModel.swift; sourceTree = "<group>"; };
		FA47831B21369817050EA6E8 /* MediaPickerModelProtocol.swift */ = {isa = PBXFileReference; includeInIndex = 1; lastKnownFileType = sourcecode.swift; path = MediaPickerModelProtocol.swift; sourceTree = "<group>"; };
		FDA50BF0B73649DC0F7803A0 /* AuthIntentProtocol.swift */ = {isa = PBXFileReference; includeInIndex = 1; lastKnownFileType = sourcecode.swift; path = AuthIntentProtocol.swift; sourceTree = "<group>"; };
/* End PBXFileReference section */

/* Begin PBXFrameworksBuildPhase section */
		50DEEABC28EF8626004B5199 /* Frameworks */ = {
			isa = PBXFrameworksBuildPhase;
			buildActionMask = 2147483647;
			files = (
				50C6D5102BE2E0F700F1B810 /* NIO in Frameworks */,
				508359292AF42B0F00AFE301 /* DataStructures in Frameworks */,
				50C6D5182BE2E0F700F1B810 /* NIOFoundationCompat in Frameworks */,
				505121E22A917A5800EAE4B0 /* protoc-gen-swift in Frameworks */,
				50C6D5162BE2E0F700F1B810 /* NIOEmbedded in Frameworks */,
				505121E02A917A5800EAE4B0 /* SwiftProtobufPluginLibrary in Frameworks */,
				509D7A9E2A881BF80025C0B9 /* CocoaAsyncSocket in Frameworks */,
				503979E72B81674900177D68 /* VarInt in Frameworks */,
				5078656D2B8891CD00BF40DA /* Reachability in Frameworks */,
				509D7A952A87BFB80025C0B9 /* GRDB in Frameworks */,
				505121DE2A917A5800EAE4B0 /* SwiftProtobuf in Frameworks */,
				50C6D5142BE2E0F700F1B810 /* NIOCore in Frameworks */,
				50C6D5122BE2E0F700F1B810 /* NIOConcurrencyHelpers in Frameworks */,
			);
			runOnlyForDeploymentPostprocessing = 0;
		};
/* End PBXFrameworksBuildPhase section */

/* Begin PBXGroup section */
		0141D2CEFD6F3A5D16F66006 /* Intent */ = {
			isa = PBXGroup;
			children = (
				E724A6072C3B2EC58817D5EC /* ConversationIntentProtocol.swift */,
				C753E34038BC6BBA02FF5551 /* ConversationIntent.swift */,
			);
			path = Intent;
			sourceTree = "<group>";
		};
		0258A1A5E28792E050E68326 /* Model */ = {
			isa = PBXGroup;
			children = (
				FA47831B21369817050EA6E8 /* MediaPickerModelProtocol.swift */,
				569E9D5392E53F02317A2B9D /* MediaPickerModel.swift */,
			);
			path = Model;
			sourceTree = "<group>";
		};
		0426DF014E0F92D09EE67586 /* Model */ = {
			isa = PBXGroup;
			children = (
				19431000421480C12F3A384D /* ProfileModelProtocol.swift */,
				8026B2EEB459BDC27CB5DA9E /* ProfileModel.swift */,
			);
			path = Model;
			sourceTree = "<group>";
		};
		077D8CDD2471C4A545E90377 /* Intent */ = {
			isa = PBXGroup;
			children = (
				84C3D77B0DD915BD248AA995 /* ProfileIntentProtocol.swift */,
				A46C2E9D2CD1A5ECE4921D6D /* ProfileIntent.swift */,
			);
			path = Intent;
			sourceTree = "<group>";
		};
		10616FEE478E7DDCFEF0AFFD /* Router */ = {
			isa = PBXGroup;
			children = (
				6930B334BC456E1B2AF8CCE4 /* AuthRouter.swift */,
			);
			path = Router;
			sourceTree = "<group>";
		};
		35B69BE2BCD5A78D897A6E93 /* Intent */ = {
			isa = PBXGroup;
			children = (
				FDA50BF0B73649DC0F7803A0 /* AuthIntentProtocol.swift */,
				531145FDBF328CCE083045E1 /* AuthIntent.swift */,
			);
			path = Intent;
			sourceTree = "<group>";
		};
		3B753700D2DB321399A0D3B7 /* Assembly */ = {
			isa = PBXGroup;
			children = (
				B8417C6B1BF1A2C695EFC386 /* AuthAssembly.swift */,
			);
			path = Assembly;
			sourceTree = "<group>";
		};
		4A4633099D35BB729A6CAB9A /* Assembly */ = {
			isa = PBXGroup;
			children = (
				ECB0EE17D8602E29BDC6A670 /* DialogsListAssembly.swift */,
			);
			path = Assembly;
			sourceTree = "<group>";
		};
		50128F502B52B55B00F88CC2 /* TCP */ = {
			isa = PBXGroup;
			children = (
				50410BFC2B4855C500E1D9F2 /* TcpTransport.swift */,
				507F39892909C678002571DB /* TcpConnection.swift */,
			);
			path = TCP;
			sourceTree = "<group>";
		};
		50128F542B52BDC500F88CC2 /* RequestDispatcher */ = {
			isa = PBXGroup;
			children = (
				5067F5072B53F88E0085AF56 /* RequestIdCounter.swift */,
				50128F522B52BD9800F88CC2 /* RequestDispatcher.swift */,
			);
			path = RequestDispatcher;
			sourceTree = "<group>";
		};
		50128F552B52C2B200F88CC2 /* NetworkRequests */ = {
			isa = PBXGroup;
			children = (
				50128F562B52C2D300F88CC2 /* NetworkRequest.swift */,
				50128F582B52C34E00F88CC2 /* TCPRequest.swift */,
			);
			path = NetworkRequests;
			sourceTree = "<group>";
		};
		50329EAC2CADCF65003C65C3 /* MetalShaders */ = {
			isa = PBXGroup;
			children = (
				50329EAF2CADD089003C65C3 /* ShaderLibrary.swift */,
				50329EAD2CADCF8E003C65C3 /* Monochrome.metal */,
			);
			path = MetalShaders;
			sourceTree = "<group>";
		};
		50329EB12CADDD2F003C65C3 /* PhotosLoader */ = {
			isa = PBXGroup;
			children = (
				50329EB22CADDD81003C65C3 /* PhotosLoader.swift */,
			);
			path = PhotosLoader;
			sourceTree = "<group>";
		};
		50329EB62CADE993003C65C3 /* MediaAssets */ = {
			isa = PBXGroup;
			children = (
				50329EB42CADE3CB003C65C3 /* MediaAsset.swift */,
				50329EB72CADE9A5003C65C3 /* PHPhotoAsset.swift */,
			);
			path = MediaAssets;
			sourceTree = "<group>";
		};
		503410F72A897210002E9CEF /* Messages */ = {
			isa = PBXGroup;
			children = (
				503A491A2A892F0F001ACBC5 /* ChatBubble */,
				50301AE328F61C280041CFFD /* MessageView.swift */,
				50301AE128F61BA90041CFFD /* ContentMessageView.swift */,
			);
			path = Messages;
			sourceTree = "<group>";
		};
		503836E228FA034100DE8ED0 /* AppLayer */ = {
			isa = PBXGroup;
			children = (
				50DEEAC228EF8626004B5199 /* LocalChatApp.swift */,
			);
			path = AppLayer;
			sourceTree = "<group>";
		};
		503836E328FA037600DE8ED0 /* PresentationLayer */ = {
			isa = PBXGroup;
			children = (
				503836F028FA0C0500DE8ED0 /* Common */,
				503836EF28FA0BD900DE8ED0 /* Modules */,
			);
			path = PresentationLayer;
			sourceTree = "<group>";
		};
		503836E428FA03AA00DE8ED0 /* CoreLayer */ = {
			isa = PBXGroup;
			children = (
				5067F5092B53FB520085AF56 /* Network */,
				509D7A962A87C9E00025C0B9 /* SQLiteStore */,
				507F398B2909C6A5002571DB /* FileStore */,
			);
			path = CoreLayer;
			sourceTree = "<group>";
		};
		503836E528FA043300DE8ED0 /* BisnesLogicLayer */ = {
			isa = PBXGroup;
			children = (
				5067F50F2B541A0B0085AF56 /* Service.swift */,
				50BCB72D2B869CC9001902CB /* ServicesCatalog.swift */,
				5067F5112B541F130085AF56 /* NetworkService */,
				50BCB72F2B869D42001902CB /* AuthService */,
				50BCB7302B869D50001902CB /* UserService */,
				50BCB7312B869D58001902CB /* DialogsService */,
				50BCB7322B869D63001902CB /* MessageService */,
				50329EB12CADDD2F003C65C3 /* PhotosLoader */,
			);
			path = BisnesLogicLayer;
			sourceTree = "<group>";
		};
		503836E628FA08A300DE8ED0 /* Helpers & Extensions */ = {
			isa = PBXGroup;
			children = (
				5058C02A2AA3AA7600A35D84 /* TrackableScrollView.swift */,
				503836F228FA0D7700DE8ED0 /* View+extensions.swift */,
				503836EC28FA0AD600DE8ED0 /* AdaptiveForgroundColor.swift */,
				5006DEDF28FB4DE200BBAC2A /* TimeManager.swift */,
				501233782A9BF50100CDF28B /* Separator.swift */,
				5083C48A2B4ADCAE00656BEC /* View+Modify.swift */,
				5083C48C2B4ADF6100656BEC /* View+If.swift */,
			);
			path = "Helpers & Extensions";
			sourceTree = "<group>";
		};
		503836E728FA08B000DE8ED0 /* Resources */ = {
			isa = PBXGroup;
			children = (
				503836EA28FA0ACD00DE8ED0 /* AppColors.swift */,
				50BCB7282B867D11001902CB /* Localizable.xcstrings */,
				50DEEAC628EF8629004B5199 /* Assets.xcassets */,
			);
			path = Resources;
			sourceTree = "<group>";
		};
		503836E828FA08CF00DE8ED0 /* Transport */ = {
			isa = PBXGroup;
			children = (
				50128F502B52B55B00F88CC2 /* TCP */,
			);
			path = Transport;
			sourceTree = "<group>";
		};
		503836EF28FA0BD900DE8ED0 /* Modules */ = {
			isa = PBXGroup;
			children = (
				5CC713D4331946F0FFB4CDD7 /* Auth */,
				5083C4982B4AE68A00656BEC /* Root */,
				C1A099E47740B4EEA855574B /* Profile */,
				E24047286C92E703DEA172A6 /* DialogsList */,
				AF3F67D4803C98CEC801CBD3 /* Conversation */,
				6D9AF4AD6B93AF9DA2BEA1C2 /* MediaPicker */,
			);
			path = Modules;
			sourceTree = "<group>";
		};
		503836F028FA0C0500DE8ED0 /* Common */ = {
			isa = PBXGroup;
			children = (
				50329EAC2CADCF65003C65C3 /* MetalShaders */,
				5067ECFC2A843F7F00C5FA11 /* MVIComponents */,
				50DEEAD928EF8C6D004B5199 /* BackgroundView.swift */,
				5006DEE128FB58E200BBAC2A /* AvatarView.swift */,
				5006DEE928FC99D600BBAC2A /* BadgeView.swift */,
				50A893382B82B7BA0048F42C /* UserDefaultsStored.swift */,
				50BCB72B2B868301001902CB /* Logger.swift */,
				502672B72B8FC2F600809785 /* SmartReconectInterval.swift */,
				5014C52B2CAC86E200D07F00 /* KeyboardObserver.swift */,
			);
			path = Common;
			sourceTree = "<group>";
		};
		503836F128FA0C7100DE8ED0 /* Models */ = {
			isa = PBXGroup;
			children = (
				50410BF42B4853C000E1D9F2 /* Entitys */,
				50410BF52B4853CF00E1D9F2 /* ProtoModels */,
			);
			path = Models;
			sourceTree = "<group>";
		};
		503A491A2A892F0F001ACBC5 /* ChatBubble */ = {
			isa = PBXGroup;
			children = (
				503A491B2A892F2A001ACBC5 /* ChatBubble.swift */,
				503A491D2A892F3B001ACBC5 /* ChatBubbleShape.swift */,
			);
			path = ChatBubble;
			sourceTree = "<group>";
		};
		50410BF42B4853C000E1D9F2 /* Entitys */ = {
			isa = PBXGroup;
			children = (
				5073DE202B9BBE1500CF8C89 /* Peer.swift */,
				50410BF62B4853F000E1D9F2 /* User.swift */,
				50A5A3732BAF45BC0045F146 /* Chat.swift */,
				50410BF82B4853FD00E1D9F2 /* Dialog.swift */,
				50410BFA2B48540900E1D9F2 /* Message.swift */,
				50329EB62CADE993003C65C3 /* MediaAssets */,
			);
			path = Entitys;
			sourceTree = "<group>";
		};
		50410BF52B4853CF00E1D9F2 /* ProtoModels */ = {
			isa = PBXGroup;
			children = (
				50B298C22B93DAA200E2ECF3 /* protoGen.sh */,
				50B298C42B93DF9C00E2ECF3 /* auth.pb.swift */,
				50B298C52B93DF9C00E2ECF3 /* dialogs.pb.swift */,
				50B298C82B93DF9C00E2ECF3 /* local_chat.pb.swift */,
				50B298C62B93DF9C00E2ECF3 /* messages.pb.swift */,
				50B298C92B93DF9C00E2ECF3 /* sys.pb.swift */,
				50B298C72B93DF9C00E2ECF3 /* users.pb.swift */,
			);
			path = ProtoModels;
			sourceTree = "<group>";
		};
		5067ECFC2A843F7F00C5FA11 /* MVIComponents */ = {
			isa = PBXGroup;
			children = (
				5067ECFD2A843F7F00C5FA11 /* MVIContainer.swift */,
				5067ECFE2A843F7F00C5FA11 /* Router */,
			);
			path = MVIComponents;
			sourceTree = "<group>";
		};
		5067ECFE2A843F7F00C5FA11 /* Router */ = {
			isa = PBXGroup;
			children = (
				5067ECFF2A843F7F00C5FA11 /* RouterScreenProtocol.swift */,
				5067ED002A843F7F00C5FA11 /* Modifier */,
				5067ED062A843F7F00C5FA11 /* RouterProtocol.swift */,
			);
			path = Router;
			sourceTree = "<group>";
		};
		5067ED002A843F7F00C5FA11 /* Modifier */ = {
			isa = PBXGroup;
			children = (
				5067ED012A843F7F00C5FA11 /* RouterSheetModifier.swift */,
				5067ED022A843F7F00C5FA11 /* RouterNavigationStackModifier.swift */,
				5067ED032A843F7F00C5FA11 /* RouterNavigationViewModifier.swift */,
				5067ED042A843F7F00C5FA11 /* RouterAlertModifier.swift */,
				5067ED052A843F7F00C5FA11 /* RouterCloseModifier.swift */,
			);
			path = Modifier;
			sourceTree = "<group>";
		};
		5067F5092B53FB520085AF56 /* Network */ = {
			isa = PBXGroup;
			children = (
				5067F50A2B540DCE0085AF56 /* NetworkAssembly */,
				50128F552B52C2B200F88CC2 /* NetworkRequests */,
				50A893342B8297480048F42C /* NetworkResponse */,
				50128F542B52BDC500F88CC2 /* RequestDispatcher */,
				503836E828FA08CF00DE8ED0 /* Transport */,
			);
			path = Network;
			sourceTree = "<group>";
		};
		5067F50A2B540DCE0085AF56 /* NetworkAssembly */ = {
			isa = PBXGroup;
			children = (
				5067F50B2B540DF20085AF56 /* NetworkAssembly.swift */,
			);
			path = NetworkAssembly;
			sourceTree = "<group>";
		};
		5067F5112B541F130085AF56 /* NetworkService */ = {
			isa = PBXGroup;
			children = (
				5067F5122B541F230085AF56 /* Requests */,
				5067F50D2B5419F30085AF56 /* NetworkService.swift */,
			);
			path = NetworkService;
			sourceTree = "<group>";
		};
		5067F5122B541F230085AF56 /* Requests */ = {
			isa = PBXGroup;
			children = (
				5067F5132B541F340085AF56 /* SysInitRequest.swift */,
				5020FDE72B949CEF00115C05 /* PingRequest.swift */,
			);
			path = Requests;
			sourceTree = "<group>";
		};
		5073DE1F2B9B60D900CF8C89 /* DisplayItems */ = {
			isa = PBXGroup;
			children = (
				503836F728FA167C00DE8ED0 /* DialogListDisplayItem.swift */,
			);
			path = DisplayItems;
			sourceTree = "<group>";
		};
		507F398B2909C6A5002571DB /* FileStore */ = {
			isa = PBXGroup;
			children = (
				50B3C5242919A9B70089A376 /* FileStore.swift */,
			);
			path = FileStore;
			sourceTree = "<group>";
		};
		5083C4982B4AE68A00656BEC /* Root */ = {
			isa = PBXGroup;
			children = (
				5083C4B92B4AE71600656BEC /* Assembly */,
				5083C4BB2B4AE71600656BEC /* Intent */,
				5083C4B62B4AE71600656BEC /* Model */,
				5083C4C02B4AE71600656BEC /* Router */,
				5083C4BE2B4AE71600656BEC /* View */,
			);
			path = Root;
			sourceTree = "<group>";
		};
		5083C4B62B4AE71600656BEC /* Model */ = {
			isa = PBXGroup;
			children = (
				5083C4B72B4AE71600656BEC /* RootModelProtocol.swift */,
				5083C4B82B4AE71600656BEC /* RootModel.swift */,
			);
			path = Model;
			sourceTree = "<group>";
		};
		5083C4B92B4AE71600656BEC /* Assembly */ = {
			isa = PBXGroup;
			children = (
				5083C4BA2B4AE71600656BEC /* RootAssembly.swift */,
			);
			path = Assembly;
			sourceTree = "<group>";
		};
		5083C4BB2B4AE71600656BEC /* Intent */ = {
			isa = PBXGroup;
			children = (
				5083C4BC2B4AE71600656BEC /* RootIntent.swift */,
				5083C4BD2B4AE71600656BEC /* RootIntentProtocol.swift */,
			);
			path = Intent;
			sourceTree = "<group>";
		};
		5083C4BE2B4AE71600656BEC /* View */ = {
			isa = PBXGroup;
			children = (
				5083C4BF2B4AE71600656BEC /* RootView.swift */,
			);
			path = View;
			sourceTree = "<group>";
		};
		5083C4C02B4AE71600656BEC /* Router */ = {
			isa = PBXGroup;
			children = (
				5083C4C12B4AE71600656BEC /* RootRouter.swift */,
			);
			path = Router;
			sourceTree = "<group>";
		};
		509D7A962A87C9E00025C0B9 /* SQLiteStore */ = {
			isa = PBXGroup;
			children = (
				509D7A972A87C9FF0025C0B9 /* SQLiteStore.swift */,
				50D8EE2B2B38DC26005BC57B /* SQLiteMigrationManager.swift */,
			);
			path = SQLiteStore;
			sourceTree = "<group>";
		};
		509D7A992A87F9E50025C0B9 /* DisplayItems */ = {
			isa = PBXGroup;
			children = (
				509D7A9A2A87FA1B0025C0B9 /* MessageDisplayItem.swift */,
			);
			path = DisplayItems;
			sourceTree = "<group>";
		};
		50A893342B8297480048F42C /* NetworkResponse */ = {
			isa = PBXGroup;
			children = (
				50A893352B8297770048F42C /* NetworkResponse.swift */,
			);
			path = NetworkResponse;
			sourceTree = "<group>";
		};
		50BCB72F2B869D42001902CB /* AuthService */ = {
			isa = PBXGroup;
			children = (
				50BCB7332B869D87001902CB /* Requests */,
				5006DEE328FC973F00BBAC2A /* AuthService.swift */,
			);
			path = AuthService;
			sourceTree = "<group>";
		};
		50BCB7302B869D50001902CB /* UserService */ = {
			isa = PBXGroup;
			children = (
				50BCB7342B869D8E001902CB /* Requests */,
				5006DEEB28FC9EA700BBAC2A /* UserService.swift */,
			);
			path = UserService;
			sourceTree = "<group>";
		};
		50BCB7312B869D58001902CB /* DialogsService */ = {
			isa = PBXGroup;
			children = (
				50BCB7352B869D94001902CB /* Requests */,
				5006DEE528FC975300BBAC2A /* DialogsService.swift */,
			);
			path = DialogsService;
			sourceTree = "<group>";
		};
		50BCB7322B869D63001902CB /* MessageService */ = {
			isa = PBXGroup;
			children = (
				50BCB7362B869D99001902CB /* Requests */,
				5006DEE728FC976400BBAC2A /* MessageService.swift */,
			);
			path = MessageService;
			sourceTree = "<group>";
		};
		50BCB7332B869D87001902CB /* Requests */ = {
			isa = PBXGroup;
			children = (
			);
			path = Requests;
			sourceTree = "<group>";
		};
		50BCB7342B869D8E001902CB /* Requests */ = {
			isa = PBXGroup;
			children = (
			);
			path = Requests;
			sourceTree = "<group>";
		};
		50BCB7352B869D94001902CB /* Requests */ = {
			isa = PBXGroup;
			children = (
			);
			path = Requests;
			sourceTree = "<group>";
		};
		50BCB7362B869D99001902CB /* Requests */ = {
			isa = PBXGroup;
			children = (
			);
			path = Requests;
			sourceTree = "<group>";
		};
		50DEEAB628EF8626004B5199 = {
			isa = PBXGroup;
			children = (
				50DEEAC128EF8626004B5199 /* LocalChat */,
				50DEEAC028EF8626004B5199 /* Products */,
			);
			sourceTree = "<group>";
		};
		50DEEAC028EF8626004B5199 /* Products */ = {
			isa = PBXGroup;
			children = (
				50DEEABF28EF8626004B5199 /* LocalChat.app */,
			);
			name = Products;
			sourceTree = "<group>";
		};
		50DEEAC128EF8626004B5199 /* LocalChat */ = {
			isa = PBXGroup;
			children = (
				50D8EE2D2B38DDBC005BC57B /* LocalChat.entitlements */,
				503836E228FA034100DE8ED0 /* AppLayer */,
				503836E428FA03AA00DE8ED0 /* CoreLayer */,
				503836E528FA043300DE8ED0 /* BisnesLogicLayer */,
				503836E328FA037600DE8ED0 /* PresentationLayer */,
				503836F128FA0C7100DE8ED0 /* Models */,
				503836E628FA08A300DE8ED0 /* Helpers & Extensions */,
				503836E728FA08B000DE8ED0 /* Resources */,
				50DEEAC828EF8629004B5199 /* Preview Content */,
			);
			path = LocalChat;
			sourceTree = "<group>";
		};
		50DEEAC828EF8629004B5199 /* Preview Content */ = {
			isa = PBXGroup;
			children = (
				50DEEAC928EF8629004B5199 /* Preview Assets.xcassets */,
			);
			path = "Preview Content";
			sourceTree = "<group>";
		};
		54819040FAAA0C8128972BC4 /* Router */ = {
			isa = PBXGroup;
			children = (
				BEA444DBC9BE63508E44460D /* ConversationRouter.swift */,
			);
			path = Router;
			sourceTree = "<group>";
		};
		5CC713D4331946F0FFB4CDD7 /* Auth */ = {
			isa = PBXGroup;
			children = (
				3B753700D2DB321399A0D3B7 /* Assembly */,
				35B69BE2BCD5A78D897A6E93 /* Intent */,
				8A8BB7AE5FAA1D6C83D8413B /* Model */,
				10616FEE478E7DDCFEF0AFFD /* Router */,
				69A0C817891F30DA755BF15A /* View */,
			);
			path = Auth;
			sourceTree = "<group>";
		};
		6070F47809DFFED8372A6C09 /* Router */ = {
			isa = PBXGroup;
			children = (
				201348514212B3149E9D2272 /* MediaPickerRouter.swift */,
			);
			path = Router;
			sourceTree = "<group>";
		};
		69A0C817891F30DA755BF15A /* View */ = {
			isa = PBXGroup;
			children = (
				8A25D0F73C1E7FE276A8A3DF /* AuthView.swift */,
			);
			path = View;
			sourceTree = "<group>";
		};
		6D9AF4AD6B93AF9DA2BEA1C2 /* MediaPicker */ = {
			isa = PBXGroup;
			children = (
				C6D47E5920F835891725DB13 /* Assembly */,
				910D09CE7336CC0690EA95E3 /* Intent */,
				0258A1A5E28792E050E68326 /* Model */,
				6070F47809DFFED8372A6C09 /* Router */,
				94BDE1D2D441668BF1C29A1D /* View */,
			);
			path = MediaPicker;
			sourceTree = "<group>";
		};
		841B25353B0279C6A4909404 /* Model */ = {
			isa = PBXGroup;
			children = (
				5073DE1F2B9B60D900CF8C89 /* DisplayItems */,
				9EAFA470D621A91CC985AC38 /* DialogsListModelProtocol.swift */,
				51F172826E2E07E7269C2E93 /* DialogsListModel.swift */,
			);
			path = Model;
			sourceTree = "<group>";
		};
		8A8BB7AE5FAA1D6C83D8413B /* Model */ = {
			isa = PBXGroup;
			children = (
				9D3E8E4255757F4F51C1EA5F /* AuthModelProtocol.swift */,
				DB0239D9CC793918EF6D9F87 /* AuthModel.swift */,
			);
			path = Model;
			sourceTree = "<group>";
		};
		910D09CE7336CC0690EA95E3 /* Intent */ = {
			isa = PBXGroup;
			children = (
				67D46D4CB8796D953650BEC5 /* MediaPickerIntentProtocol.swift */,
				1A9305200D8A9F2A24C95443 /* MediaPickerIntent.swift */,
			);
			path = Intent;
			sourceTree = "<group>";
		};
		94BDE1D2D441668BF1C29A1D /* View */ = {
			isa = PBXGroup;
			children = (
				CDF6228007A28B530A93E0E3 /* MediaPickerView.swift */,
			);
			path = View;
			sourceTree = "<group>";
		};
		A30C4F815FAE55B93614BE78 /* Model */ = {
			isa = PBXGroup;
			children = (
				509D7A992A87F9E50025C0B9 /* DisplayItems */,
				51463633A601257E81FC34EB /* ConversationModelProtocol.swift */,
				F88E90376B302EC834871DA2 /* ConversationModel.swift */,
			);
			path = Model;
			sourceTree = "<group>";
		};
		A8812797D429255584FC8F1A /* Router */ = {
			isa = PBXGroup;
			children = (
				48506FA651CF1090D4426FFD /* DialogsListRouter.swift */,
			);
			path = Router;
			sourceTree = "<group>";
		};
		AF3F67D4803C98CEC801CBD3 /* Conversation */ = {
			isa = PBXGroup;
			children = (
				C4225DB6C0A2460CB1D7A109 /* Assembly */,
				0141D2CEFD6F3A5D16F66006 /* Intent */,
				A30C4F815FAE55B93614BE78 /* Model */,
				54819040FAAA0C8128972BC4 /* Router */,
				B2517816E0E4AB311BD49B17 /* View */,
			);
			path = Conversation;
			sourceTree = "<group>";
		};
		B2517816E0E4AB311BD49B17 /* View */ = {
			isa = PBXGroup;
			children = (
				503410F72A897210002E9CEF /* Messages */,
				3F8351BB16D96AAD205E0405 /* ConversationView.swift */,
			);
			path = View;
			sourceTree = "<group>";
		};
		BC21E5F3CC61C27D9ADFB722 /* Router */ = {
			isa = PBXGroup;
			children = (
				4AE8F774648A9E7216555B16 /* ProfileRouter.swift */,
			);
			path = Router;
			sourceTree = "<group>";
		};
		C1A099E47740B4EEA855574B /* Profile */ = {
			isa = PBXGroup;
			children = (
				FE1C03463F8001B15DF47426 /* Assembly */,
				077D8CDD2471C4A545E90377 /* Intent */,
				0426DF014E0F92D09EE67586 /* Model */,
				BC21E5F3CC61C27D9ADFB722 /* Router */,
				FBAB49CE7BE86C8A3FC4BAC5 /* View */,
			);
			path = Profile;
			sourceTree = "<group>";
		};
		C4225DB6C0A2460CB1D7A109 /* Assembly */ = {
			isa = PBXGroup;
			children = (
				89585BC03F0BB6F57A7A6EE5 /* ConversationAssembly.swift */,
			);
			path = Assembly;
			sourceTree = "<group>";
		};
		C6D47E5920F835891725DB13 /* Assembly */ = {
			isa = PBXGroup;
			children = (
				63CC2B2CC884E4F772C0BBAB /* MediaPickerAssembly.swift */,
			);
			path = Assembly;
			sourceTree = "<group>";
		};
		E24047286C92E703DEA172A6 /* DialogsList */ = {
			isa = PBXGroup;
			children = (
				4A4633099D35BB729A6CAB9A /* Assembly */,
				FB6AFE9818D2E42101529671 /* Intent */,
				841B25353B0279C6A4909404 /* Model */,
				A8812797D429255584FC8F1A /* Router */,
				EB26F703E2FFCC925D7F6068 /* View */,
			);
			path = DialogsList;
			sourceTree = "<group>";
		};
		EB26F703E2FFCC925D7F6068 /* View */ = {
			isa = PBXGroup;
			children = (
				58F299032538B24D18F2B045 /* DialogsListView.swift */,
				505410A928F219D2006D4875 /* DialogListRowView.swift */,
			);
			path = View;
			sourceTree = "<group>";
		};
		FB6AFE9818D2E42101529671 /* Intent */ = {
			isa = PBXGroup;
			children = (
				F6E2C22E4FBCFD1618EE3AAB /* DialogsListIntentProtocol.swift */,
				1102950004D7DDDBED74B281 /* DialogsListIntent.swift */,
			);
			path = Intent;
			sourceTree = "<group>";
		};
		FBAB49CE7BE86C8A3FC4BAC5 /* View */ = {
			isa = PBXGroup;
			children = (
				5BB44FD67BCB0378C32F5195 /* ProfileView.swift */,
			);
			path = View;
			sourceTree = "<group>";
		};
		FE1C03463F8001B15DF47426 /* Assembly */ = {
			isa = PBXGroup;
			children = (
				012AAF03AC15EAE0CFC32479 /* ProfileAssembly.swift */,
			);
			path = Assembly;
			sourceTree = "<group>";
		};
/* End PBXGroup section */

/* Begin PBXNativeTarget section */
		50DEEABE28EF8626004B5199 /* LocalChat */ = {
			isa = PBXNativeTarget;
			buildConfigurationList = 50DEEAD228EF8629004B5199 /* Build configuration list for PBXNativeTarget "LocalChat" */;
			buildPhases = (
				50DEEABB28EF8626004B5199 /* Sources */,
				50DEEABC28EF8626004B5199 /* Frameworks */,
				50DEEABD28EF8626004B5199 /* Resources */,
			);
			buildRules = (
			);
			dependencies = (
			);
			name = LocalChat;
			packageProductDependencies = (
				509D7A942A87BFB80025C0B9 /* GRDB */,
				509D7A9D2A881BF80025C0B9 /* CocoaAsyncSocket */,
				505121DD2A917A5800EAE4B0 /* SwiftProtobuf */,
				505121DF2A917A5800EAE4B0 /* SwiftProtobufPluginLibrary */,
				505121E12A917A5800EAE4B0 /* protoc-gen-swift */,
				508359282AF42B0F00AFE301 /* DataStructures */,
				503979E62B81674900177D68 /* VarInt */,
				5078656C2B8891CD00BF40DA /* Reachability */,
				50C6D50F2BE2E0F700F1B810 /* NIO */,
				50C6D5112BE2E0F700F1B810 /* NIOConcurrencyHelpers */,
				50C6D5132BE2E0F700F1B810 /* NIOCore */,
				50C6D5152BE2E0F700F1B810 /* NIOEmbedded */,
				50C6D5172BE2E0F700F1B810 /* NIOFoundationCompat */,
			);
			productName = LocalChat;
			productReference = 50DEEABF28EF8626004B5199 /* LocalChat.app */;
			productType = "com.apple.product-type.application";
		};
/* End PBXNativeTarget section */

/* Begin PBXProject section */
		50DEEAB728EF8626004B5199 /* Project object */ = {
			isa = PBXProject;
			attributes = {
				BuildIndependentTargetsInParallel = 1;
				LastSwiftUpdateCheck = 1400;
				LastUpgradeCheck = 1510;
				TargetAttributes = {
					50DEEABE28EF8626004B5199 = {
						CreatedOnToolsVersion = 14.0.1;
					};
				};
			};
			buildConfigurationList = 50DEEABA28EF8626004B5199 /* Build configuration list for PBXProject "LocalChat" */;
			compatibilityVersion = "Xcode 14.0";
			developmentRegion = en;
			hasScannedForEncodings = 0;
			knownRegions = (
				en,
				Base,
				ru,
			);
			mainGroup = 50DEEAB628EF8626004B5199;
			packageReferences = (
				509D7A932A87BFB80025C0B9 /* XCRemoteSwiftPackageReference "GRDB.swift" */,
				509D7A9C2A881BF80025C0B9 /* XCRemoteSwiftPackageReference "CocoaAsyncSocket" */,
				505121DC2A917A5800EAE4B0 /* XCRemoteSwiftPackageReference "swift-protobuf" */,
				508359272AF42B0F00AFE301 /* XCRemoteSwiftPackageReference "DataStructures" */,
				503979E52B81674900177D68 /* XCRemoteSwiftPackageReference "swift-varint" */,
				5078656B2B8891CD00BF40DA /* XCRemoteSwiftPackageReference "Reachability" */,
				50C6D50E2BE2E0F600F1B810 /* XCRemoteSwiftPackageReference "swift-nio" */,
			);
			productRefGroup = 50DEEAC028EF8626004B5199 /* Products */;
			projectDirPath = "";
			projectRoot = "";
			targets = (
				50DEEABE28EF8626004B5199 /* LocalChat */,
			);
		};
/* End PBXProject section */

/* Begin PBXResourcesBuildPhase section */
		50DEEABD28EF8626004B5199 /* Resources */ = {
			isa = PBXResourcesBuildPhase;
			buildActionMask = 2147483647;
			files = (
				50DEEACA28EF8629004B5199 /* Preview Assets.xcassets in Resources */,
				50DEEAC728EF8629004B5199 /* Assets.xcassets in Resources */,
				50BCB7292B867D11001902CB /* Localizable.xcstrings in Resources */,
			);
			runOnlyForDeploymentPostprocessing = 0;
		};
/* End PBXResourcesBuildPhase section */

/* Begin PBXSourcesBuildPhase section */
		50DEEABB28EF8626004B5199 /* Sources */ = {
			isa = PBXSourcesBuildPhase;
			buildActionMask = 2147483647;
			files = (
				5067F5102B541A0B0085AF56 /* Service.swift in Sources */,
				5006DEEC28FC9EA700BBAC2A /* UserService.swift in Sources */,
				5006DEE828FC976400BBAC2A /* MessageService.swift in Sources */,
				50D8EE2C2B38DC26005BC57B /* SQLiteMigrationManager.swift in Sources */,
				509D7A982A87C9FF0025C0B9 /* SQLiteStore.swift in Sources */,
				50BCB72E2B869CC9001902CB /* ServicesCatalog.swift in Sources */,
				50301AE228F61BAA0041CFFD /* ContentMessageView.swift in Sources */,
				5067ED092A843F7F00C5FA11 /* RouterSheetModifier.swift in Sources */,
				5083C4C52B4AE71600656BEC /* RootIntent.swift in Sources */,
				5067ED072A843F7F00C5FA11 /* MVIContainer.swift in Sources */,
				507F398A2909C678002571DB /* TcpConnection.swift in Sources */,
				509D7A9B2A87FA1B0025C0B9 /* MessageDisplayItem.swift in Sources */,
				503836F328FA0D7700DE8ED0 /* View+extensions.swift in Sources */,
				5067ED0E2A843F7F00C5FA11 /* RouterProtocol.swift in Sources */,
				50DEEADA28EF8C6D004B5199 /* BackgroundView.swift in Sources */,
				50B3C5252919A9B70089A376 /* FileStore.swift in Sources */,
				5006DEEA28FC99D600BBAC2A /* BadgeView.swift in Sources */,
				5006DEE628FC975300BBAC2A /* DialogsService.swift in Sources */,
				502672B82B8FC2F600809785 /* SmartReconectInterval.swift in Sources */,
				50410BF92B4853FD00E1D9F2 /* Dialog.swift in Sources */,
				5006DEE028FB4DE200BBAC2A /* TimeManager.swift in Sources */,
				5067ED0A2A843F7F00C5FA11 /* RouterNavigationStackModifier.swift in Sources */,
				50301AE428F61C280041CFFD /* MessageView.swift in Sources */,
				5067ED0C2A843F7F00C5FA11 /* RouterAlertModifier.swift in Sources */,
				503836EB28FA0ACD00DE8ED0 /* AppColors.swift in Sources */,
				503836F828FA167C00DE8ED0 /* DialogListDisplayItem.swift in Sources */,
				50329EB32CADDD81003C65C3 /* PhotosLoader.swift in Sources */,
				50B298CA2B93DF9C00E2ECF3 /* auth.pb.swift in Sources */,
				503836ED28FA0AD600DE8ED0 /* AdaptiveForgroundColor.swift in Sources */,
				5006DEE228FB58E200BBAC2A /* AvatarView.swift in Sources */,
				505410AA28F219D2006D4875 /* DialogListRowView.swift in Sources */,
				50329EB52CADE3CB003C65C3 /* MediaAsset.swift in Sources */,
				50329EB02CADD089003C65C3 /* ShaderLibrary.swift in Sources */,
				5083C4C22B4AE71600656BEC /* RootModelProtocol.swift in Sources */,
				50DEEAC328EF8626004B5199 /* LocalChatApp.swift in Sources */,
				5006DEE428FC973F00BBAC2A /* AuthService.swift in Sources */,
				E13339B9670D802A2D47FE6E /* ConversationAssembly.swift in Sources */,
				50BCB72C2B868301001902CB /* Logger.swift in Sources */,
				5083C4C72B4AE71600656BEC /* RootView.swift in Sources */,
				609EA7EF519A91E8229A20D7 /* ConversationIntentProtocol.swift in Sources */,
				5020FDE82B949CEF00115C05 /* PingRequest.swift in Sources */,
				50128F532B52BD9800F88CC2 /* RequestDispatcher.swift in Sources */,
				50128F592B52C34E00F88CC2 /* TCPRequest.swift in Sources */,
				5067ED0D2A843F7F00C5FA11 /* RouterCloseModifier.swift in Sources */,
				503A491C2A892F2A001ACBC5 /* ChatBubble.swift in Sources */,
				501233792A9BF50100CDF28B /* Separator.swift in Sources */,
				5067F50E2B5419F30085AF56 /* NetworkService.swift in Sources */,
				50B298CD2B93DF9C00E2ECF3 /* users.pb.swift in Sources */,
				5073DE212B9BBE1500CF8C89 /* Peer.swift in Sources */,
				55EF727C8971C458581570A2 /* ConversationIntent.swift in Sources */,
				E9DA5AD2E69C3A0716DAD223 /* ConversationModelProtocol.swift in Sources */,
				5058C02B2AA3AA7600A35D84 /* TrackableScrollView.swift in Sources */,
				5067ED082A843F7F00C5FA11 /* RouterScreenProtocol.swift in Sources */,
				6CFAA4D9C05D313C85C64E2E /* ConversationModel.swift in Sources */,
				5083C4C62B4AE71600656BEC /* RootIntentProtocol.swift in Sources */,
				5067ED0B2A843F7F00C5FA11 /* RouterNavigationViewModifier.swift in Sources */,
				50B298CE2B93DF9C00E2ECF3 /* local_chat.pb.swift in Sources */,
				50A5A3742BAF45BC0045F146 /* Chat.swift in Sources */,
				DB54EE370D6BDC2AC27C2F84 /* ConversationRouter.swift in Sources */,
				077BFCEFE2B82A8B94BE5300 /* ConversationView.swift in Sources */,
				D41EBB73E3DF069FC4F97C8E /* DialogsListAssembly.swift in Sources */,
				503A491E2A892F3B001ACBC5 /* ChatBubbleShape.swift in Sources */,
				50A893362B8297770048F42C /* NetworkResponse.swift in Sources */,
				4EAF4713629BE4FAC511112D /* DialogsListIntentProtocol.swift in Sources */,
				BF47D9FA3F35C8113BF2FAB6 /* DialogsListIntent.swift in Sources */,
				5083C4C42B4AE71600656BEC /* RootAssembly.swift in Sources */,
				CC3AC42616D1E20AF34119E1 /* DialogsListModelProtocol.swift in Sources */,
				50A893392B82B7BA0048F42C /* UserDefaultsStored.swift in Sources */,
				A5C29E116FDD801BDA417C20 /* DialogsListModel.swift in Sources */,
				5014C52C2CAC86E200D07F00 /* KeyboardObserver.swift in Sources */,
				DE6A51D9BD604EDCEAD75CCE /* DialogsListRouter.swift in Sources */,
				10299AECB23133D1FC03752B /* DialogsListView.swift in Sources */,
				D4D3781E053C53E7CD0C28A4 /* AuthAssembly.swift in Sources */,
				5083C48B2B4ADCAE00656BEC /* View+Modify.swift in Sources */,
				B3888F1D68552FD227650DC6 /* AuthIntentProtocol.swift in Sources */,
				50410BFD2B4855C500E1D9F2 /* TcpTransport.swift in Sources */,
				F1FBFEAF04F94FF45BDF1AA1 /* AuthIntent.swift in Sources */,
				E64E94063FD561526681B5A4 /* AuthModelProtocol.swift in Sources */,
				B57501DCDA7FD7067F3356C0 /* AuthModel.swift in Sources */,
				50410BFB2B48540900E1D9F2 /* Message.swift in Sources */,
				50B298CC2B93DF9C00E2ECF3 /* messages.pb.swift in Sources */,
				50329EAE2CADCF8E003C65C3 /* Monochrome.metal in Sources */,
				FEC07D5FB2E1E7F96C82B5AF /* AuthRouter.swift in Sources */,
				6F2FEDFEAB1DABC2A5C13AF1 /* AuthView.swift in Sources */,
				5083C4C32B4AE71600656BEC /* RootModel.swift in Sources */,
				5067F50C2B540DF20085AF56 /* NetworkAssembly.swift in Sources */,
				007FACDA5A04F47AEBD9E84F /* ProfileAssembly.swift in Sources */,
				A9C95046EF0F612A0D8CF98A /* ProfileIntentProtocol.swift in Sources */,
				5067F5082B53F88E0085AF56 /* RequestIdCounter.swift in Sources */,
				FFA7A2AEFECB62C478732EC3 /* ProfileIntent.swift in Sources */,
				50329EB82CADE9A5003C65C3 /* PHPhotoAsset.swift in Sources */,
				50B298CB2B93DF9C00E2ECF3 /* dialogs.pb.swift in Sources */,
				50410BF72B4853F000E1D9F2 /* User.swift in Sources */,
				FF0F26E83CA9C629BAAC4C54 /* ProfileModelProtocol.swift in Sources */,
				2183F719875BB0BE5C631AAE /* ProfileModel.swift in Sources */,
				8C57544A33DF111C355CEF53 /* ProfileRouter.swift in Sources */,
				5083C48D2B4ADF6100656BEC /* View+If.swift in Sources */,
				5083C4C82B4AE71600656BEC /* RootRouter.swift in Sources */,
				7C7803E8654F09E11C0C9392 /* ProfileView.swift in Sources */,
				D340135EF06585F39EA7C10B /* MediaPickerAssembly.swift in Sources */,
				24F501EFF5623B3739B5F834 /* MediaPickerIntentProtocol.swift in Sources */,
				33E52F196F82C30AF72ECF6B /* MediaPickerIntent.swift in Sources */,
				E952031A2931B1186D4E5515 /* MediaPickerModelProtocol.swift in Sources */,
				50B298CF2B93DF9C00E2ECF3 /* sys.pb.swift in Sources */,
				50128F572B52C2D300F88CC2 /* NetworkRequest.swift in Sources */,
				B59A935B7D961446B8FA3234 /* MediaPickerModel.swift in Sources */,
				419221B49D282D386C0E0D1B /* MediaPickerRouter.swift in Sources */,
				E6968AE3AEFC9D0B6E0A7B98 /* MediaPickerView.swift in Sources */,
				5067F5142B541F340085AF56 /* SysInitRequest.swift in Sources */,
			);
			runOnlyForDeploymentPostprocessing = 0;
		};
/* End PBXSourcesBuildPhase section */

/* Begin XCBuildConfiguration section */
		50DEEAD028EF8629004B5199 /* Debug */ = {
			isa = XCBuildConfiguration;
			buildSettings = {
				ALWAYS_SEARCH_USER_PATHS = NO;
				ASSETCATALOG_COMPILER_GENERATE_SWIFT_ASSET_SYMBOL_EXTENSIONS = YES;
				CLANG_ANALYZER_NONNULL = YES;
				CLANG_ANALYZER_NUMBER_OBJECT_CONVERSION = YES_AGGRESSIVE;
				CLANG_CXX_LANGUAGE_STANDARD = "gnu++20";
				CLANG_ENABLE_MODULES = YES;
				CLANG_ENABLE_OBJC_ARC = YES;
				CLANG_ENABLE_OBJC_WEAK = YES;
				CLANG_WARN_BLOCK_CAPTURE_AUTORELEASING = YES;
				CLANG_WARN_BOOL_CONVERSION = YES;
				CLANG_WARN_COMMA = YES;
				CLANG_WARN_CONSTANT_CONVERSION = YES;
				CLANG_WARN_DEPRECATED_OBJC_IMPLEMENTATIONS = YES;
				CLANG_WARN_DIRECT_OBJC_ISA_USAGE = YES_ERROR;
				CLANG_WARN_DOCUMENTATION_COMMENTS = YES;
				CLANG_WARN_EMPTY_BODY = YES;
				CLANG_WARN_ENUM_CONVERSION = YES;
				CLANG_WARN_INFINITE_RECURSION = YES;
				CLANG_WARN_INT_CONVERSION = YES;
				CLANG_WARN_NON_LITERAL_NULL_CONVERSION = YES;
				CLANG_WARN_OBJC_IMPLICIT_RETAIN_SELF = YES;
				CLANG_WARN_OBJC_LITERAL_CONVERSION = YES;
				CLANG_WARN_OBJC_ROOT_CLASS = YES_ERROR;
				CLANG_WARN_QUOTED_INCLUDE_IN_FRAMEWORK_HEADER = YES;
				CLANG_WARN_RANGE_LOOP_ANALYSIS = YES;
				CLANG_WARN_STRICT_PROTOTYPES = YES;
				CLANG_WARN_SUSPICIOUS_MOVE = YES;
				CLANG_WARN_UNGUARDED_AVAILABILITY = YES_AGGRESSIVE;
				CLANG_WARN_UNREACHABLE_CODE = YES;
				CLANG_WARN__DUPLICATE_METHOD_MATCH = YES;
				COPY_PHASE_STRIP = NO;
				DEBUG_INFORMATION_FORMAT = dwarf;
				ENABLE_STRICT_OBJC_MSGSEND = YES;
				ENABLE_TESTABILITY = YES;
				ENABLE_USER_SCRIPT_SANDBOXING = YES;
				GCC_C_LANGUAGE_STANDARD = gnu11;
				GCC_DYNAMIC_NO_PIC = NO;
				GCC_NO_COMMON_BLOCKS = YES;
				GCC_OPTIMIZATION_LEVEL = 0;
				GCC_PREPROCESSOR_DEFINITIONS = (
					"DEBUG=1",
					"$(inherited)",
				);
				GCC_WARN_64_TO_32_BIT_CONVERSION = YES;
				GCC_WARN_ABOUT_RETURN_TYPE = YES_ERROR;
				GCC_WARN_UNDECLARED_SELECTOR = YES;
				GCC_WARN_UNINITIALIZED_AUTOS = YES_AGGRESSIVE;
				GCC_WARN_UNUSED_FUNCTION = YES;
				GCC_WARN_UNUSED_VARIABLE = YES;
				IPHONEOS_DEPLOYMENT_TARGET = 17.0;
				MTL_ENABLE_DEBUG_INFO = INCLUDE_SOURCE;
				MTL_FAST_MATH = YES;
				ONLY_ACTIVE_ARCH = YES;
				SDKROOT = iphoneos;
				SWIFT_ACTIVE_COMPILATION_CONDITIONS = DEBUG;
				SWIFT_OPTIMIZATION_LEVEL = "-Onone";
			};
			name = Debug;
		};
		50DEEAD128EF8629004B5199 /* Release */ = {
			isa = XCBuildConfiguration;
			buildSettings = {
				ALWAYS_SEARCH_USER_PATHS = NO;
				ASSETCATALOG_COMPILER_GENERATE_SWIFT_ASSET_SYMBOL_EXTENSIONS = YES;
				CLANG_ANALYZER_NONNULL = YES;
				CLANG_ANALYZER_NUMBER_OBJECT_CONVERSION = YES_AGGRESSIVE;
				CLANG_CXX_LANGUAGE_STANDARD = "gnu++20";
				CLANG_ENABLE_MODULES = YES;
				CLANG_ENABLE_OBJC_ARC = YES;
				CLANG_ENABLE_OBJC_WEAK = YES;
				CLANG_WARN_BLOCK_CAPTURE_AUTORELEASING = YES;
				CLANG_WARN_BOOL_CONVERSION = YES;
				CLANG_WARN_COMMA = YES;
				CLANG_WARN_CONSTANT_CONVERSION = YES;
				CLANG_WARN_DEPRECATED_OBJC_IMPLEMENTATIONS = YES;
				CLANG_WARN_DIRECT_OBJC_ISA_USAGE = YES_ERROR;
				CLANG_WARN_DOCUMENTATION_COMMENTS = YES;
				CLANG_WARN_EMPTY_BODY = YES;
				CLANG_WARN_ENUM_CONVERSION = YES;
				CLANG_WARN_INFINITE_RECURSION = YES;
				CLANG_WARN_INT_CONVERSION = YES;
				CLANG_WARN_NON_LITERAL_NULL_CONVERSION = YES;
				CLANG_WARN_OBJC_IMPLICIT_RETAIN_SELF = YES;
				CLANG_WARN_OBJC_LITERAL_CONVERSION = YES;
				CLANG_WARN_OBJC_ROOT_CLASS = YES_ERROR;
				CLANG_WARN_QUOTED_INCLUDE_IN_FRAMEWORK_HEADER = YES;
				CLANG_WARN_RANGE_LOOP_ANALYSIS = YES;
				CLANG_WARN_STRICT_PROTOTYPES = YES;
				CLANG_WARN_SUSPICIOUS_MOVE = YES;
				CLANG_WARN_UNGUARDED_AVAILABILITY = YES_AGGRESSIVE;
				CLANG_WARN_UNREACHABLE_CODE = YES;
				CLANG_WARN__DUPLICATE_METHOD_MATCH = YES;
				COPY_PHASE_STRIP = NO;
				DEBUG_INFORMATION_FORMAT = "dwarf-with-dsym";
				ENABLE_NS_ASSERTIONS = NO;
				ENABLE_STRICT_OBJC_MSGSEND = YES;
				ENABLE_USER_SCRIPT_SANDBOXING = YES;
				GCC_C_LANGUAGE_STANDARD = gnu11;
				GCC_NO_COMMON_BLOCKS = YES;
				GCC_WARN_64_TO_32_BIT_CONVERSION = YES;
				GCC_WARN_ABOUT_RETURN_TYPE = YES_ERROR;
				GCC_WARN_UNDECLARED_SELECTOR = YES;
				GCC_WARN_UNINITIALIZED_AUTOS = YES_AGGRESSIVE;
				GCC_WARN_UNUSED_FUNCTION = YES;
				GCC_WARN_UNUSED_VARIABLE = YES;
				IPHONEOS_DEPLOYMENT_TARGET = 17.0;
				MTL_ENABLE_DEBUG_INFO = NO;
				MTL_FAST_MATH = YES;
				SDKROOT = iphoneos;
				SWIFT_COMPILATION_MODE = wholemodule;
				SWIFT_OPTIMIZATION_LEVEL = "-O";
				VALIDATE_PRODUCT = YES;
			};
			name = Release;
		};
		50DEEAD328EF8629004B5199 /* Debug */ = {
			isa = XCBuildConfiguration;
			buildSettings = {
				ASSETCATALOG_COMPILER_APPICON_NAME = AppIcon;
				ASSETCATALOG_COMPILER_GLOBAL_ACCENT_COLOR_NAME = AccentColor;
				CODE_SIGN_ENTITLEMENTS = LocalChat/LocalChat.entitlements;
				CODE_SIGN_STYLE = Automatic;
				CURRENT_PROJECT_VERSION = 1;
				DEVELOPMENT_ASSET_PATHS = "\"LocalChat/Preview Content\"";
				DEVELOPMENT_TEAM = S4VTW7X9U3;
				ENABLE_PREVIEWS = YES;
				GENERATE_INFOPLIST_FILE = YES;
				INFOPLIST_KEY_NSPhotoLibraryUsageDescription = "can select your photo";
				INFOPLIST_KEY_UIApplicationSceneManifest_Generation = YES;
				INFOPLIST_KEY_UIApplicationSupportsIndirectInputEvents = YES;
				INFOPLIST_KEY_UILaunchScreen_Generation = YES;
				INFOPLIST_KEY_UISupportedInterfaceOrientations_iPad = "UIInterfaceOrientationPortrait UIInterfaceOrientationPortraitUpsideDown UIInterfaceOrientationLandscapeLeft UIInterfaceOrientationLandscapeRight";
				INFOPLIST_KEY_UISupportedInterfaceOrientations_iPhone = "UIInterfaceOrientationPortrait UIInterfaceOrientationLandscapeLeft UIInterfaceOrientationLandscapeRight";
				IPHONEOS_DEPLOYMENT_TARGET = 18.0;
				LD_RUNPATH_SEARCH_PATHS = (
					"$(inherited)",
					"@executable_path/Frameworks",
				);
				MARKETING_VERSION = 1.0;
				PRODUCT_BUNDLE_IDENTIFIER = com.EgorNikitin.LocalChat;
				PRODUCT_NAME = "$(TARGET_NAME)";
				SWIFT_EMIT_LOC_STRINGS = YES;
				SWIFT_VERSION = 6.0;
				TARGETED_DEVICE_FAMILY = "1,2";
			};
			name = Debug;
		};
		50DEEAD428EF8629004B5199 /* Release */ = {
			isa = XCBuildConfiguration;
			buildSettings = {
				ASSETCATALOG_COMPILER_APPICON_NAME = AppIcon;
				ASSETCATALOG_COMPILER_GLOBAL_ACCENT_COLOR_NAME = AccentColor;
				CODE_SIGN_ENTITLEMENTS = LocalChat/LocalChat.entitlements;
				CODE_SIGN_STYLE = Automatic;
				CURRENT_PROJECT_VERSION = 1;
				DEVELOPMENT_ASSET_PATHS = "\"LocalChat/Preview Content\"";
				DEVELOPMENT_TEAM = S4VTW7X9U3;
				ENABLE_PREVIEWS = YES;
				GENERATE_INFOPLIST_FILE = YES;
				INFOPLIST_KEY_NSPhotoLibraryUsageDescription = "can select your photo";
				INFOPLIST_KEY_UIApplicationSceneManifest_Generation = YES;
				INFOPLIST_KEY_UIApplicationSupportsIndirectInputEvents = YES;
				INFOPLIST_KEY_UILaunchScreen_Generation = YES;
				INFOPLIST_KEY_UISupportedInterfaceOrientations_iPad = "UIInterfaceOrientationPortrait UIInterfaceOrientationPortraitUpsideDown UIInterfaceOrientationLandscapeLeft UIInterfaceOrientationLandscapeRight";
				INFOPLIST_KEY_UISupportedInterfaceOrientations_iPhone = "UIInterfaceOrientationPortrait UIInterfaceOrientationLandscapeLeft UIInterfaceOrientationLandscapeRight";
				IPHONEOS_DEPLOYMENT_TARGET = 18.0;
				LD_RUNPATH_SEARCH_PATHS = (
					"$(inherited)",
					"@executable_path/Frameworks",
				);
				MARKETING_VERSION = 1.0;
				PRODUCT_BUNDLE_IDENTIFIER = com.EgorNikitin.LocalChat;
				PRODUCT_NAME = "$(TARGET_NAME)";
				SWIFT_EMIT_LOC_STRINGS = YES;
				SWIFT_VERSION = 6.0;
				TARGETED_DEVICE_FAMILY = "1,2";
			};
			name = Release;
		};
/* End XCBuildConfiguration section */

/* Begin XCConfigurationList section */
		50DEEABA28EF8626004B5199 /* Build configuration list for PBXProject "LocalChat" */ = {
			isa = XCConfigurationList;
			buildConfigurations = (
				50DEEAD028EF8629004B5199 /* Debug */,
				50DEEAD128EF8629004B5199 /* Release */,
			);
			defaultConfigurationIsVisible = 0;
			defaultConfigurationName = Release;
		};
		50DEEAD228EF8629004B5199 /* Build configuration list for PBXNativeTarget "LocalChat" */ = {
			isa = XCConfigurationList;
			buildConfigurations = (
				50DEEAD328EF8629004B5199 /* Debug */,
				50DEEAD428EF8629004B5199 /* Release */,
			);
			defaultConfigurationIsVisible = 0;
			defaultConfigurationName = Release;
		};
/* End XCConfigurationList section */

/* Begin XCRemoteSwiftPackageReference section */
		503979E52B81674900177D68 /* XCRemoteSwiftPackageReference "swift-varint" */ = {
			isa = XCRemoteSwiftPackageReference;
			repositoryURL = "https://github.com/swift-libp2p/swift-varint?tab=readme-ov-file";
			requirement = {
				kind = upToNextMajorVersion;
				minimumVersion = 0.0.1;
			};
		};
		505121DC2A917A5800EAE4B0 /* XCRemoteSwiftPackageReference "swift-protobuf" */ = {
			isa = XCRemoteSwiftPackageReference;
			repositoryURL = "https://github.com/apple/swift-protobuf.git";
			requirement = {
				kind = upToNextMajorVersion;
				minimumVersion = 1.0.0;
			};
		};
		5078656B2B8891CD00BF40DA /* XCRemoteSwiftPackageReference "Reachability" */ = {
			isa = XCRemoteSwiftPackageReference;
			repositoryURL = "https://github.com/ashleymills/Reachability.swift";
			requirement = {
				branch = master;
				kind = branch;
			};
		};
		508359272AF42B0F00AFE301 /* XCRemoteSwiftPackageReference "DataStructures" */ = {
			isa = XCRemoteSwiftPackageReference;
			repositoryURL = "https://github.com/EgorNikitin94/DataStructures";
			requirement = {
				branch = main;
				kind = branch;
			};
		};
		509D7A932A87BFB80025C0B9 /* XCRemoteSwiftPackageReference "GRDB.swift" */ = {
			isa = XCRemoteSwiftPackageReference;
			repositoryURL = "https://github.com/groue/GRDB.swift.git";
			requirement = {
				branch = master;
				kind = branch;
			};
		};
		509D7A9C2A881BF80025C0B9 /* XCRemoteSwiftPackageReference "CocoaAsyncSocket" */ = {
			isa = XCRemoteSwiftPackageReference;
			repositoryURL = "https://github.com/robbiehanson/CocoaAsyncSocket";
			requirement = {
				kind = upToNextMajorVersion;
				minimumVersion = 7.0.0;
			};
		};
		50C6D50E2BE2E0F600F1B810 /* XCRemoteSwiftPackageReference "swift-nio" */ = {
			isa = XCRemoteSwiftPackageReference;
			repositoryURL = "https://github.com/apple/swift-nio.git";
			requirement = {
				kind = upToNextMajorVersion;
				minimumVersion = 2.65.0;
			};
		};
/* End XCRemoteSwiftPackageReference section */

/* Begin XCSwiftPackageProductDependency section */
		503979E62B81674900177D68 /* VarInt */ = {
			isa = XCSwiftPackageProductDependency;
			package = 503979E52B81674900177D68 /* XCRemoteSwiftPackageReference "swift-varint" */;
			productName = VarInt;
		};
		505121DD2A917A5800EAE4B0 /* SwiftProtobuf */ = {
			isa = XCSwiftPackageProductDependency;
			package = 505121DC2A917A5800EAE4B0 /* XCRemoteSwiftPackageReference "swift-protobuf" */;
			productName = SwiftProtobuf;
		};
		505121DF2A917A5800EAE4B0 /* SwiftProtobufPluginLibrary */ = {
			isa = XCSwiftPackageProductDependency;
			package = 505121DC2A917A5800EAE4B0 /* XCRemoteSwiftPackageReference "swift-protobuf" */;
			productName = SwiftProtobufPluginLibrary;
		};
		505121E12A917A5800EAE4B0 /* protoc-gen-swift */ = {
			isa = XCSwiftPackageProductDependency;
			package = 505121DC2A917A5800EAE4B0 /* XCRemoteSwiftPackageReference "swift-protobuf" */;
			productName = "protoc-gen-swift";
		};
		5078656C2B8891CD00BF40DA /* Reachability */ = {
			isa = XCSwiftPackageProductDependency;
			package = 5078656B2B8891CD00BF40DA /* XCRemoteSwiftPackageReference "Reachability" */;
			productName = Reachability;
		};
		508359282AF42B0F00AFE301 /* DataStructures */ = {
			isa = XCSwiftPackageProductDependency;
			package = 508359272AF42B0F00AFE301 /* XCRemoteSwiftPackageReference "DataStructures" */;
			productName = DataStructures;
		};
		509D7A942A87BFB80025C0B9 /* GRDB */ = {
			isa = XCSwiftPackageProductDependency;
			package = 509D7A932A87BFB80025C0B9 /* XCRemoteSwiftPackageReference "GRDB.swift" */;
			productName = GRDB;
		};
		509D7A9D2A881BF80025C0B9 /* CocoaAsyncSocket */ = {
			isa = XCSwiftPackageProductDependency;
			package = 509D7A9C2A881BF80025C0B9 /* XCRemoteSwiftPackageReference "CocoaAsyncSocket" */;
			productName = CocoaAsyncSocket;
		};
		50C6D50F2BE2E0F700F1B810 /* NIO */ = {
			isa = XCSwiftPackageProductDependency;
			package = 50C6D50E2BE2E0F600F1B810 /* XCRemoteSwiftPackageReference "swift-nio" */;
			productName = NIO;
		};
		50C6D5112BE2E0F700F1B810 /* NIOConcurrencyHelpers */ = {
			isa = XCSwiftPackageProductDependency;
			package = 50C6D50E2BE2E0F600F1B810 /* XCRemoteSwiftPackageReference "swift-nio" */;
			productName = NIOConcurrencyHelpers;
		};
		50C6D5132BE2E0F700F1B810 /* NIOCore */ = {
			isa = XCSwiftPackageProductDependency;
			package = 50C6D50E2BE2E0F600F1B810 /* XCRemoteSwiftPackageReference "swift-nio" */;
			productName = NIOCore;
		};
		50C6D5152BE2E0F700F1B810 /* NIOEmbedded */ = {
			isa = XCSwiftPackageProductDependency;
			package = 50C6D50E2BE2E0F600F1B810 /* XCRemoteSwiftPackageReference "swift-nio" */;
			productName = NIOEmbedded;
		};
		50C6D5172BE2E0F700F1B810 /* NIOFoundationCompat */ = {
			isa = XCSwiftPackageProductDependency;
			package = 50C6D50E2BE2E0F600F1B810 /* XCRemoteSwiftPackageReference "swift-nio" */;
			productName = NIOFoundationCompat;
		};
/* End XCSwiftPackageProductDependency section */
	};
	rootObject = 50DEEAB728EF8626004B5199 /* Project object */;
}
