// !$*UTF8*$!
{
	archiveVersion = 1;
	classes = {
	};
	objectVersion = 56;
	objects = {

/* Begin PBXBuildFile section */
		5006DEE028FB4DE200BBAC2A /* TimeManager.swift in Sources */ = {isa = PBXBuildFile; fileRef = 5006DEDF28FB4DE200BBAC2A /* TimeManager.swift */; };
		5006DEE228FB58E200BBAC2A /* AvatarView.swift in Sources */ = {isa = PBXBuildFile; fileRef = 5006DEE128FB58E200BBAC2A /* AvatarView.swift */; };
		5006DEE428FC973F00BBAC2A /* AuthService.swift in Sources */ = {isa = PBXBuildFile; fileRef = 5006DEE328FC973F00BBAC2A /* AuthService.swift */; };
		5006DEE628FC975300BBAC2A /* DialogsService.swift in Sources */ = {isa = PBXBuildFile; fileRef = 5006DEE528FC975300BBAC2A /* DialogsService.swift */; };
		5006DEE828FC976400BBAC2A /* MessageService.swift in Sources */ = {isa = PBXBuildFile; fileRef = 5006DEE728FC976400BBAC2A /* MessageService.swift */; };
		5006DEEA28FC99D600BBAC2A /* BadgeView.swift in Sources */ = {isa = PBXBuildFile; fileRef = 5006DEE928FC99D600BBAC2A /* BadgeView.swift */; };
		5006DEEC28FC9EA700BBAC2A /* UserService.swift in Sources */ = {isa = PBXBuildFile; fileRef = 5006DEEB28FC9EA700BBAC2A /* UserService.swift */; };
		50301AE028F619900041CFFD /* ConversationViewModel.swift in Sources */ = {isa = PBXBuildFile; fileRef = 50301ADF28F619900041CFFD /* ConversationViewModel.swift */; };
		50301AE228F61BAA0041CFFD /* ContentMessageView.swift in Sources */ = {isa = PBXBuildFile; fileRef = 50301AE128F61BA90041CFFD /* ContentMessageView.swift */; };
		50301AE428F61C280041CFFD /* MessageView.swift in Sources */ = {isa = PBXBuildFile; fileRef = 50301AE328F61C280041CFFD /* MessageView.swift */; };
		503836EB28FA0ACD00DE8ED0 /* AppColors.swift in Sources */ = {isa = PBXBuildFile; fileRef = 503836EA28FA0ACD00DE8ED0 /* AppColors.swift */; };
		503836ED28FA0AD600DE8ED0 /* AdaptiveForgroundColor.swift in Sources */ = {isa = PBXBuildFile; fileRef = 503836EC28FA0AD600DE8ED0 /* AdaptiveForgroundColor.swift */; };
		503836F328FA0D7700DE8ED0 /* View+extensions.swift in Sources */ = {isa = PBXBuildFile; fileRef = 503836F228FA0D7700DE8ED0 /* View+extensions.swift */; };
		503836F628FA117B00DE8ED0 /* ProfileView.swift in Sources */ = {isa = PBXBuildFile; fileRef = 503836F528FA117B00DE8ED0 /* ProfileView.swift */; };
		503836F828FA167C00DE8ED0 /* DialogListRowViewModel.swift in Sources */ = {isa = PBXBuildFile; fileRef = 503836F728FA167C00DE8ED0 /* DialogListRowViewModel.swift */; };
		5038624629034860003071B6 /* ModuleAssembly.swift in Sources */ = {isa = PBXBuildFile; fileRef = 5038624529034860003071B6 /* ModuleAssembly.swift */; };
		5038624A2904554D003071B6 /* AuthView.swift in Sources */ = {isa = PBXBuildFile; fileRef = 503862492904554D003071B6 /* AuthView.swift */; };
		5038624C29045554003071B6 /* AuthViewModel.swift in Sources */ = {isa = PBXBuildFile; fileRef = 5038624B29045554003071B6 /* AuthViewModel.swift */; };
		505410A628F21849006D4875 /* DialogsListView.swift in Sources */ = {isa = PBXBuildFile; fileRef = 505410A528F21849006D4875 /* DialogsListView.swift */; };
		505410A828F21862006D4875 /* DialogsListViewModel.swift in Sources */ = {isa = PBXBuildFile; fileRef = 505410A728F21862006D4875 /* DialogsListViewModel.swift */; };
		505410AA28F219D2006D4875 /* DialogListRowView.swift in Sources */ = {isa = PBXBuildFile; fileRef = 505410A928F219D2006D4875 /* DialogListRowView.swift */; };
		505410AC28F21A28006D4875 /* AppModels.swift in Sources */ = {isa = PBXBuildFile; fileRef = 505410AB28F21A28006D4875 /* AppModels.swift */; };
		507F398A2909C678002571DB /* TcpTransport.swift in Sources */ = {isa = PBXBuildFile; fileRef = 507F39892909C678002571DB /* TcpTransport.swift */; };
		507F398D2909CD61002571DB /* CoreDataStore.swift in Sources */ = {isa = PBXBuildFile; fileRef = 507F398C2909CD61002571DB /* CoreDataStore.swift */; };
		507F398F2909D823002571DB /* RootView.swift in Sources */ = {isa = PBXBuildFile; fileRef = 507F398E2909D823002571DB /* RootView.swift */; };
		507F39912909D965002571DB /* AppRouter.swift in Sources */ = {isa = PBXBuildFile; fileRef = 507F39902909D965002571DB /* AppRouter.swift */; };
		50B3C5252919A9B70089A376 /* FileStore.swift in Sources */ = {isa = PBXBuildFile; fileRef = 50B3C5242919A9B70089A376 /* FileStore.swift */; };
		50DEEAC328EF8626004B5199 /* LocalChatApp.swift in Sources */ = {isa = PBXBuildFile; fileRef = 50DEEAC228EF8626004B5199 /* LocalChatApp.swift */; };
		50DEEAC528EF8626004B5199 /* ContentView.swift in Sources */ = {isa = PBXBuildFile; fileRef = 50DEEAC428EF8626004B5199 /* ContentView.swift */; };
		50DEEAC728EF8629004B5199 /* Assets.xcassets in Resources */ = {isa = PBXBuildFile; fileRef = 50DEEAC628EF8629004B5199 /* Assets.xcassets */; };
		50DEEACA28EF8629004B5199 /* Preview Assets.xcassets in Resources */ = {isa = PBXBuildFile; fileRef = 50DEEAC928EF8629004B5199 /* Preview Assets.xcassets */; };
		50DEEACC28EF8629004B5199 /* Persistence.swift in Sources */ = {isa = PBXBuildFile; fileRef = 50DEEACB28EF8629004B5199 /* Persistence.swift */; };
		50DEEACF28EF8629004B5199 /* LocalChat.xcdatamodeld in Sources */ = {isa = PBXBuildFile; fileRef = 50DEEACD28EF8629004B5199 /* LocalChat.xcdatamodeld */; };
		50DEEADA28EF8C6D004B5199 /* BackgroundView.swift in Sources */ = {isa = PBXBuildFile; fileRef = 50DEEAD928EF8C6D004B5199 /* BackgroundView.swift */; };
		50E1D44E28F8BBD8004B88D6 /* ConversationView.swift in Sources */ = {isa = PBXBuildFile; fileRef = 50E1D44D28F8BBD8004B88D6 /* ConversationView.swift */; };
/* End PBXBuildFile section */

/* Begin PBXFileReference section */
		5006DEDF28FB4DE200BBAC2A /* TimeManager.swift */ = {isa = PBXFileReference; lastKnownFileType = sourcecode.swift; path = TimeManager.swift; sourceTree = "<group>"; };
		5006DEE128FB58E200BBAC2A /* AvatarView.swift */ = {isa = PBXFileReference; lastKnownFileType = sourcecode.swift; path = AvatarView.swift; sourceTree = "<group>"; };
		5006DEE328FC973F00BBAC2A /* AuthService.swift */ = {isa = PBXFileReference; lastKnownFileType = sourcecode.swift; path = AuthService.swift; sourceTree = "<group>"; };
		5006DEE528FC975300BBAC2A /* DialogsService.swift */ = {isa = PBXFileReference; lastKnownFileType = sourcecode.swift; path = DialogsService.swift; sourceTree = "<group>"; };
		5006DEE728FC976400BBAC2A /* MessageService.swift */ = {isa = PBXFileReference; lastKnownFileType = sourcecode.swift; path = MessageService.swift; sourceTree = "<group>"; };
		5006DEE928FC99D600BBAC2A /* BadgeView.swift */ = {isa = PBXFileReference; lastKnownFileType = sourcecode.swift; path = BadgeView.swift; sourceTree = "<group>"; };
		5006DEEB28FC9EA700BBAC2A /* UserService.swift */ = {isa = PBXFileReference; lastKnownFileType = sourcecode.swift; path = UserService.swift; sourceTree = "<group>"; };
		50301ADF28F619900041CFFD /* ConversationViewModel.swift */ = {isa = PBXFileReference; lastKnownFileType = sourcecode.swift; path = ConversationViewModel.swift; sourceTree = "<group>"; };
		50301AE128F61BA90041CFFD /* ContentMessageView.swift */ = {isa = PBXFileReference; lastKnownFileType = sourcecode.swift; path = ContentMessageView.swift; sourceTree = "<group>"; };
		50301AE328F61C280041CFFD /* MessageView.swift */ = {isa = PBXFileReference; lastKnownFileType = sourcecode.swift; path = MessageView.swift; sourceTree = "<group>"; };
		503836EA28FA0ACD00DE8ED0 /* AppColors.swift */ = {isa = PBXFileReference; fileEncoding = 4; lastKnownFileType = sourcecode.swift; path = AppColors.swift; sourceTree = "<group>"; };
		503836EC28FA0AD600DE8ED0 /* AdaptiveForgroundColor.swift */ = {isa = PBXFileReference; fileEncoding = 4; lastKnownFileType = sourcecode.swift; path = AdaptiveForgroundColor.swift; sourceTree = "<group>"; };
		503836F228FA0D7700DE8ED0 /* View+extensions.swift */ = {isa = PBXFileReference; lastKnownFileType = sourcecode.swift; path = "View+extensions.swift"; sourceTree = "<group>"; };
		503836F528FA117B00DE8ED0 /* ProfileView.swift */ = {isa = PBXFileReference; lastKnownFileType = sourcecode.swift; path = ProfileView.swift; sourceTree = "<group>"; };
		503836F728FA167C00DE8ED0 /* DialogListRowViewModel.swift */ = {isa = PBXFileReference; lastKnownFileType = sourcecode.swift; path = DialogListRowViewModel.swift; sourceTree = "<group>"; };
		5038624529034860003071B6 /* ModuleAssembly.swift */ = {isa = PBXFileReference; lastKnownFileType = sourcecode.swift; path = ModuleAssembly.swift; sourceTree = "<group>"; };
		503862492904554D003071B6 /* AuthView.swift */ = {isa = PBXFileReference; fileEncoding = 4; lastKnownFileType = sourcecode.swift; path = AuthView.swift; sourceTree = "<group>"; };
		5038624B29045554003071B6 /* AuthViewModel.swift */ = {isa = PBXFileReference; fileEncoding = 4; lastKnownFileType = sourcecode.swift; path = AuthViewModel.swift; sourceTree = "<group>"; };
		505410A528F21849006D4875 /* DialogsListView.swift */ = {isa = PBXFileReference; lastKnownFileType = sourcecode.swift; path = DialogsListView.swift; sourceTree = "<group>"; };
		505410A728F21862006D4875 /* DialogsListViewModel.swift */ = {isa = PBXFileReference; lastKnownFileType = sourcecode.swift; path = DialogsListViewModel.swift; sourceTree = "<group>"; };
		505410A928F219D2006D4875 /* DialogListRowView.swift */ = {isa = PBXFileReference; lastKnownFileType = sourcecode.swift; path = DialogListRowView.swift; sourceTree = "<group>"; };
		505410AB28F21A28006D4875 /* AppModels.swift */ = {isa = PBXFileReference; lastKnownFileType = sourcecode.swift; path = AppModels.swift; sourceTree = "<group>"; };
		507F39892909C678002571DB /* TcpTransport.swift */ = {isa = PBXFileReference; lastKnownFileType = sourcecode.swift; path = TcpTransport.swift; sourceTree = "<group>"; };
		507F398C2909CD61002571DB /* CoreDataStore.swift */ = {isa = PBXFileReference; fileEncoding = 4; lastKnownFileType = sourcecode.swift; path = CoreDataStore.swift; sourceTree = "<group>"; };
		507F398E2909D823002571DB /* RootView.swift */ = {isa = PBXFileReference; lastKnownFileType = sourcecode.swift; path = RootView.swift; sourceTree = "<group>"; };
		507F39902909D965002571DB /* AppRouter.swift */ = {isa = PBXFileReference; lastKnownFileType = sourcecode.swift; path = AppRouter.swift; sourceTree = "<group>"; };
		50B3C5242919A9B70089A376 /* FileStore.swift */ = {isa = PBXFileReference; lastKnownFileType = sourcecode.swift; path = FileStore.swift; sourceTree = "<group>"; };
		50DEEABF28EF8626004B5199 /* LocalChat.app */ = {isa = PBXFileReference; explicitFileType = wrapper.application; includeInIndex = 0; path = LocalChat.app; sourceTree = BUILT_PRODUCTS_DIR; };
		50DEEAC228EF8626004B5199 /* LocalChatApp.swift */ = {isa = PBXFileReference; lastKnownFileType = sourcecode.swift; path = LocalChatApp.swift; sourceTree = "<group>"; };
		50DEEAC428EF8626004B5199 /* ContentView.swift */ = {isa = PBXFileReference; lastKnownFileType = sourcecode.swift; path = ContentView.swift; sourceTree = "<group>"; };
		50DEEAC628EF8629004B5199 /* Assets.xcassets */ = {isa = PBXFileReference; lastKnownFileType = folder.assetcatalog; path = Assets.xcassets; sourceTree = "<group>"; };
		50DEEAC928EF8629004B5199 /* Preview Assets.xcassets */ = {isa = PBXFileReference; lastKnownFileType = folder.assetcatalog; path = "Preview Assets.xcassets"; sourceTree = "<group>"; };
		50DEEACB28EF8629004B5199 /* Persistence.swift */ = {isa = PBXFileReference; lastKnownFileType = sourcecode.swift; path = Persistence.swift; sourceTree = "<group>"; };
		50DEEACE28EF8629004B5199 /* LocalChat.xcdatamodel */ = {isa = PBXFileReference; lastKnownFileType = wrapper.xcdatamodel; path = LocalChat.xcdatamodel; sourceTree = "<group>"; };
		50DEEAD928EF8C6D004B5199 /* BackgroundView.swift */ = {isa = PBXFileReference; lastKnownFileType = sourcecode.swift; path = BackgroundView.swift; sourceTree = "<group>"; };
		50E1D44D28F8BBD8004B88D6 /* ConversationView.swift */ = {isa = PBXFileReference; fileEncoding = 4; lastKnownFileType = sourcecode.swift; path = ConversationView.swift; sourceTree = "<group>"; };
/* End PBXFileReference section */

/* Begin PBXFrameworksBuildPhase section */
		50DEEABC28EF8626004B5199 /* Frameworks */ = {
			isa = PBXFrameworksBuildPhase;
			buildActionMask = 2147483647;
			files = (
			);
			runOnlyForDeploymentPostprocessing = 0;
		};
/* End PBXFrameworksBuildPhase section */

/* Begin PBXGroup section */
		50301ADB28F618ED0041CFFD /* DialogsList */ = {
			isa = PBXGroup;
			children = (
				505410A528F21849006D4875 /* DialogsListView.swift */,
				505410A728F21862006D4875 /* DialogsListViewModel.swift */,
				505410A928F219D2006D4875 /* DialogListRowView.swift */,
				503836F728FA167C00DE8ED0 /* DialogListRowViewModel.swift */,
			);
			path = DialogsList;
			sourceTree = "<group>";
		};
		50301ADC28F619410041CFFD /* Conversation */ = {
			isa = PBXGroup;
			children = (
				50E1D44D28F8BBD8004B88D6 /* ConversationView.swift */,
				50301ADF28F619900041CFFD /* ConversationViewModel.swift */,
				50301AE128F61BA90041CFFD /* ContentMessageView.swift */,
				50301AE328F61C280041CFFD /* MessageView.swift */,
			);
			path = Conversation;
			sourceTree = "<group>";
		};
		503836E228FA034100DE8ED0 /* AppLayer */ = {
			isa = PBXGroup;
			children = (
				50DEEAC228EF8626004B5199 /* LocalChatApp.swift */,
				5038624529034860003071B6 /* ModuleAssembly.swift */,
			);
			path = AppLayer;
			sourceTree = "<group>";
		};
		503836E328FA037600DE8ED0 /* PresentationLayer */ = {
			isa = PBXGroup;
			children = (
				503836F028FA0C0500DE8ED0 /* Common */,
				503836EF28FA0BD900DE8ED0 /* Modules */,
			);
			path = PresentationLayer;
			sourceTree = "<group>";
		};
		503836E428FA03AA00DE8ED0 /* CoreLayer */ = {
			isa = PBXGroup;
			children = (
				503836E828FA08CF00DE8ED0 /* TCP */,
				503836E928FA08E300DE8ED0 /* CoreData */,
				507F398B2909C6A5002571DB /* FileStore */,
			);
			path = CoreLayer;
			sourceTree = "<group>";
		};
		503836E528FA043300DE8ED0 /* BisnesLogicLayer */ = {
			isa = PBXGroup;
			children = (
				5006DEE328FC973F00BBAC2A /* AuthService.swift */,
				5006DEEB28FC9EA700BBAC2A /* UserService.swift */,
				5006DEE528FC975300BBAC2A /* DialogsService.swift */,
				5006DEE728FC976400BBAC2A /* MessageService.swift */,
			);
			path = BisnesLogicLayer;
			sourceTree = "<group>";
		};
		503836E628FA08A300DE8ED0 /* Helpers & Extensions */ = {
			isa = PBXGroup;
			children = (
				503836F228FA0D7700DE8ED0 /* View+extensions.swift */,
				503836EC28FA0AD600DE8ED0 /* AdaptiveForgroundColor.swift */,
				5006DEDF28FB4DE200BBAC2A /* TimeManager.swift */,
			);
			path = "Helpers & Extensions";
			sourceTree = "<group>";
		};
		503836E728FA08B000DE8ED0 /* Resources */ = {
			isa = PBXGroup;
			children = (
				503836EA28FA0ACD00DE8ED0 /* AppColors.swift */,
				50DEEAC628EF8629004B5199 /* Assets.xcassets */,
			);
			path = Resources;
			sourceTree = "<group>";
		};
		503836E828FA08CF00DE8ED0 /* TCP */ = {
			isa = PBXGroup;
			children = (
				507F39892909C678002571DB /* TcpTransport.swift */,
			);
			path = TCP;
			sourceTree = "<group>";
		};
		503836E928FA08E300DE8ED0 /* CoreData */ = {
			isa = PBXGroup;
			children = (
				507F398C2909CD61002571DB /* CoreDataStore.swift */,
				50DEEACB28EF8629004B5199 /* Persistence.swift */,
				50DEEACD28EF8629004B5199 /* LocalChat.xcdatamodeld */,
			);
			path = CoreData;
			sourceTree = "<group>";
		};
		503836EF28FA0BD900DE8ED0 /* Modules */ = {
			isa = PBXGroup;
			children = (
				507F398E2909D823002571DB /* RootView.swift */,
				507F39902909D965002571DB /* AppRouter.swift */,
				5038624D2904555D003071B6 /* Auth */,
				50301ADB28F618ED0041CFFD /* DialogsList */,
				503836F428FA115000DE8ED0 /* Profile */,
				50301ADC28F619410041CFFD /* Conversation */,
			);
			path = Modules;
			sourceTree = "<group>";
		};
		503836F028FA0C0500DE8ED0 /* Common */ = {
			isa = PBXGroup;
			children = (
				50DEEAC428EF8626004B5199 /* ContentView.swift */,
				50DEEAD928EF8C6D004B5199 /* BackgroundView.swift */,
				5006DEE128FB58E200BBAC2A /* AvatarView.swift */,
				5006DEE928FC99D600BBAC2A /* BadgeView.swift */,
			);
			path = Common;
			sourceTree = "<group>";
		};
		503836F128FA0C7100DE8ED0 /* Models */ = {
			isa = PBXGroup;
			children = (
				505410AB28F21A28006D4875 /* AppModels.swift */,
			);
			path = Models;
			sourceTree = "<group>";
		};
		503836F428FA115000DE8ED0 /* Profile */ = {
			isa = PBXGroup;
			children = (
				503836F528FA117B00DE8ED0 /* ProfileView.swift */,
			);
			path = Profile;
			sourceTree = "<group>";
		};
		5038624D2904555D003071B6 /* Auth */ = {
			isa = PBXGroup;
			children = (
				503862492904554D003071B6 /* AuthView.swift */,
				5038624B29045554003071B6 /* AuthViewModel.swift */,
			);
			path = Auth;
			sourceTree = "<group>";
		};
		507F398B2909C6A5002571DB /* FileStore */ = {
			isa = PBXGroup;
			children = (
				50B3C5242919A9B70089A376 /* FileStore.swift */,
			);
			path = FileStore;
			sourceTree = "<group>";
		};
		50DEEAB628EF8626004B5199 = {
			isa = PBXGroup;
			children = (
				50DEEAC128EF8626004B5199 /* LocalChat */,
				50DEEAC028EF8626004B5199 /* Products */,
			);
			sourceTree = "<group>";
		};
		50DEEAC028EF8626004B5199 /* Products */ = {
			isa = PBXGroup;
			children = (
				50DEEABF28EF8626004B5199 /* LocalChat.app */,
			);
			name = Products;
			sourceTree = "<group>";
		};
		50DEEAC128EF8626004B5199 /* LocalChat */ = {
			isa = PBXGroup;
			children = (
				503836E228FA034100DE8ED0 /* AppLayer */,
				503836E428FA03AA00DE8ED0 /* CoreLayer */,
				503836E528FA043300DE8ED0 /* BisnesLogicLayer */,
				503836E328FA037600DE8ED0 /* PresentationLayer */,
				503836F128FA0C7100DE8ED0 /* Models */,
				503836E628FA08A300DE8ED0 /* Helpers & Extensions */,
				503836E728FA08B000DE8ED0 /* Resources */,
				50DEEAC828EF8629004B5199 /* Preview Content */,
			);
			path = LocalChat;
			sourceTree = "<group>";
		};
		50DEEAC828EF8629004B5199 /* Preview Content */ = {
			isa = PBXGroup;
			children = (
				50DEEAC928EF8629004B5199 /* Preview Assets.xcassets */,
			);
			path = "Preview Content";
			sourceTree = "<group>";
		};
/* End PBXGroup section */

/* Begin PBXNativeTarget section */
		50DEEABE28EF8626004B5199 /* LocalChat */ = {
			isa = PBXNativeTarget;
			buildConfigurationList = 50DEEAD228EF8629004B5199 /* Build configuration list for PBXNativeTarget "LocalChat" */;
			buildPhases = (
				50DEEABB28EF8626004B5199 /* Sources */,
				50DEEABC28EF8626004B5199 /* Frameworks */,
				50DEEABD28EF8626004B5199 /* Resources */,
			);
			buildRules = (
			);
			dependencies = (
			);
			name = LocalChat;
			productName = LocalChat;
			productReference = 50DEEABF28EF8626004B5199 /* LocalChat.app */;
			productType = "com.apple.product-type.application";
		};
/* End PBXNativeTarget section */

/* Begin PBXProject section */
		50DEEAB728EF8626004B5199 /* Project object */ = {
			isa = PBXProject;
			attributes = {
				BuildIndependentTargetsInParallel = 1;
				LastSwiftUpdateCheck = 1400;
				LastUpgradeCheck = 1400;
				TargetAttributes = {
					50DEEABE28EF8626004B5199 = {
						CreatedOnToolsVersion = 14.0.1;
					};
				};
			};
			buildConfigurationList = 50DEEABA28EF8626004B5199 /* Build configuration list for PBXProject "LocalChat" */;
			compatibilityVersion = "Xcode 14.0";
			developmentRegion = en;
			hasScannedForEncodings = 0;
			knownRegions = (
				en,
				Base,
			);
			mainGroup = 50DEEAB628EF8626004B5199;
			productRefGroup = 50DEEAC028EF8626004B5199 /* Products */;
			projectDirPath = "";
			projectRoot = "";
			targets = (
				50DEEABE28EF8626004B5199 /* LocalChat */,
			);
		};
/* End PBXProject section */

/* Begin PBXResourcesBuildPhase section */
		50DEEABD28EF8626004B5199 /* Resources */ = {
			isa = PBXResourcesBuildPhase;
			buildActionMask = 2147483647;
			files = (
				50DEEACA28EF8629004B5199 /* Preview Assets.xcassets in Resources */,
				50DEEAC728EF8629004B5199 /* Assets.xcassets in Resources */,
			);
			runOnlyForDeploymentPostprocessing = 0;
		};
/* End PBXResourcesBuildPhase section */

/* Begin PBXSourcesBuildPhase section */
		50DEEABB28EF8626004B5199 /* Sources */ = {
			isa = PBXSourcesBuildPhase;
			buildActionMask = 2147483647;
			files = (
				5038624C29045554003071B6 /* AuthViewModel.swift in Sources */,
				5006DEEC28FC9EA700BBAC2A /* UserService.swift in Sources */,
				505410A828F21862006D4875 /* DialogsListViewModel.swift in Sources */,
				5006DEE828FC976400BBAC2A /* MessageService.swift in Sources */,
				503836F628FA117B00DE8ED0 /* ProfileView.swift in Sources */,
				50DEEACC28EF8629004B5199 /* Persistence.swift in Sources */,
				50301AE228F61BAA0041CFFD /* ContentMessageView.swift in Sources */,
				505410A628F21849006D4875 /* DialogsListView.swift in Sources */,
				5038624629034860003071B6 /* ModuleAssembly.swift in Sources */,
				505410AC28F21A28006D4875 /* AppModels.swift in Sources */,
				507F398A2909C678002571DB /* TcpTransport.swift in Sources */,
				503836F328FA0D7700DE8ED0 /* View+extensions.swift in Sources */,
				507F39912909D965002571DB /* AppRouter.swift in Sources */,
				50DEEACF28EF8629004B5199 /* LocalChat.xcdatamodeld in Sources */,
				50E1D44E28F8BBD8004B88D6 /* ConversationView.swift in Sources */,
				50301AE028F619900041CFFD /* ConversationViewModel.swift in Sources */,
				50DEEADA28EF8C6D004B5199 /* BackgroundView.swift in Sources */,
				50DEEAC528EF8626004B5199 /* ContentView.swift in Sources */,
				50B3C5252919A9B70089A376 /* FileStore.swift in Sources */,
				5006DEEA28FC99D600BBAC2A /* BadgeView.swift in Sources */,
				5006DEE628FC975300BBAC2A /* DialogsService.swift in Sources */,
				5006DEE028FB4DE200BBAC2A /* TimeManager.swift in Sources */,
				50301AE428F61C280041CFFD /* MessageView.swift in Sources */,
				503836EB28FA0ACD00DE8ED0 /* AppColors.swift in Sources */,
				503836F828FA167C00DE8ED0 /* DialogListRowViewModel.swift in Sources */,
				503836ED28FA0AD600DE8ED0 /* AdaptiveForgroundColor.swift in Sources */,
				507F398F2909D823002571DB /* RootView.swift in Sources */,
				507F398D2909CD61002571DB /* CoreDataStore.swift in Sources */,
				5006DEE228FB58E200BBAC2A /* AvatarView.swift in Sources */,
				505410AA28F219D2006D4875 /* DialogListRowView.swift in Sources */,
				5038624A2904554D003071B6 /* AuthView.swift in Sources */,
				50DEEAC328EF8626004B5199 /* LocalChatApp.swift in Sources */,
				5006DEE428FC973F00BBAC2A /* AuthService.swift in Sources */,
			);
			runOnlyForDeploymentPostprocessing = 0;
		};
/* End PBXSourcesBuildPhase section */

/* Begin XCBuildConfiguration section */
		50DEEAD028EF8629004B5199 /* Debug */ = {
			isa = XCBuildConfiguration;
			buildSettings = {
				ALWAYS_SEARCH_USER_PATHS = NO;
				CLANG_ANALYZER_NONNULL = YES;
				CLANG_ANALYZER_NUMBER_OBJECT_CONVERSION = YES_AGGRESSIVE;
				CLANG_CXX_LANGUAGE_STANDARD = "gnu++20";
				CLANG_ENABLE_MODULES = YES;
				CLANG_ENABLE_OBJC_ARC = YES;
				CLANG_ENABLE_OBJC_WEAK = YES;
				CLANG_WARN_BLOCK_CAPTURE_AUTORELEASING = YES;
				CLANG_WARN_BOOL_CONVERSION = YES;
				CLANG_WARN_COMMA = YES;
				CLANG_WARN_CONSTANT_CONVERSION = YES;
				CLANG_WARN_DEPRECATED_OBJC_IMPLEMENTATIONS = YES;
				CLANG_WARN_DIRECT_OBJC_ISA_USAGE = YES_ERROR;
				CLANG_WARN_DOCUMENTATION_COMMENTS = YES;
				CLANG_WARN_EMPTY_BODY = YES;
				CLANG_WARN_ENUM_CONVERSION = YES;
				CLANG_WARN_INFINITE_RECURSION = YES;
				CLANG_WARN_INT_CONVERSION = YES;
				CLANG_WARN_NON_LITERAL_NULL_CONVERSION = YES;
				CLANG_WARN_OBJC_IMPLICIT_RETAIN_SELF = YES;
				CLANG_WARN_OBJC_LITERAL_CONVERSION = YES;
				CLANG_WARN_OBJC_ROOT_CLASS = YES_ERROR;
				CLANG_WARN_QUOTED_INCLUDE_IN_FRAMEWORK_HEADER = YES;
				CLANG_WARN_RANGE_LOOP_ANALYSIS = YES;
				CLANG_WARN_STRICT_PROTOTYPES = YES;
				CLANG_WARN_SUSPICIOUS_MOVE = YES;
				CLANG_WARN_UNGUARDED_AVAILABILITY = YES_AGGRESSIVE;
				CLANG_WARN_UNREACHABLE_CODE = YES;
				CLANG_WARN__DUPLICATE_METHOD_MATCH = YES;
				COPY_PHASE_STRIP = NO;
				DEBUG_INFORMATION_FORMAT = dwarf;
				ENABLE_STRICT_OBJC_MSGSEND = YES;
				ENABLE_TESTABILITY = YES;
				GCC_C_LANGUAGE_STANDARD = gnu11;
				GCC_DYNAMIC_NO_PIC = NO;
				GCC_NO_COMMON_BLOCKS = YES;
				GCC_OPTIMIZATION_LEVEL = 0;
				GCC_PREPROCESSOR_DEFINITIONS = (
					"DEBUG=1",
					"$(inherited)",
				);
				GCC_WARN_64_TO_32_BIT_CONVERSION = YES;
				GCC_WARN_ABOUT_RETURN_TYPE = YES_ERROR;
				GCC_WARN_UNDECLARED_SELECTOR = YES;
				GCC_WARN_UNINITIALIZED_AUTOS = YES_AGGRESSIVE;
				GCC_WARN_UNUSED_FUNCTION = YES;
				GCC_WARN_UNUSED_VARIABLE = YES;
				IPHONEOS_DEPLOYMENT_TARGET = 16.0;
				MTL_ENABLE_DEBUG_INFO = INCLUDE_SOURCE;
				MTL_FAST_MATH = YES;
				ONLY_ACTIVE_ARCH = YES;
				SDKROOT = iphoneos;
				SWIFT_ACTIVE_COMPILATION_CONDITIONS = DEBUG;
				SWIFT_OPTIMIZATION_LEVEL = "-Onone";
			};
			name = Debug;
		};
		50DEEAD128EF8629004B5199 /* Release */ = {
			isa = XCBuildConfiguration;
			buildSettings = {
				ALWAYS_SEARCH_USER_PATHS = NO;
				CLANG_ANALYZER_NONNULL = YES;
				CLANG_ANALYZER_NUMBER_OBJECT_CONVERSION = YES_AGGRESSIVE;
				CLANG_CXX_LANGUAGE_STANDARD = "gnu++20";
				CLANG_ENABLE_MODULES = YES;
				CLANG_ENABLE_OBJC_ARC = YES;
				CLANG_ENABLE_OBJC_WEAK = YES;
				CLANG_WARN_BLOCK_CAPTURE_AUTORELEASING = YES;
				CLANG_WARN_BOOL_CONVERSION = YES;
				CLANG_WARN_COMMA = YES;
				CLANG_WARN_CONSTANT_CONVERSION = YES;
				CLANG_WARN_DEPRECATED_OBJC_IMPLEMENTATIONS = YES;
				CLANG_WARN_DIRECT_OBJC_ISA_USAGE = YES_ERROR;
				CLANG_WARN_DOCUMENTATION_COMMENTS = YES;
				CLANG_WARN_EMPTY_BODY = YES;
				CLANG_WARN_ENUM_CONVERSION = YES;
				CLANG_WARN_INFINITE_RECURSION = YES;
				CLANG_WARN_INT_CONVERSION = YES;
				CLANG_WARN_NON_LITERAL_NULL_CONVERSION = YES;
				CLANG_WARN_OBJC_IMPLICIT_RETAIN_SELF = YES;
				CLANG_WARN_OBJC_LITERAL_CONVERSION = YES;
				CLANG_WARN_OBJC_ROOT_CLASS = YES_ERROR;
				CLANG_WARN_QUOTED_INCLUDE_IN_FRAMEWORK_HEADER = YES;
				CLANG_WARN_RANGE_LOOP_ANALYSIS = YES;
				CLANG_WARN_STRICT_PROTOTYPES = YES;
				CLANG_WARN_SUSPICIOUS_MOVE = YES;
				CLANG_WARN_UNGUARDED_AVAILABILITY = YES_AGGRESSIVE;
				CLANG_WARN_UNREACHABLE_CODE = YES;
				CLANG_WARN__DUPLICATE_METHOD_MATCH = YES;
				COPY_PHASE_STRIP = NO;
				DEBUG_INFORMATION_FORMAT = "dwarf-with-dsym";
				ENABLE_NS_ASSERTIONS = NO;
				ENABLE_STRICT_OBJC_MSGSEND = YES;
				GCC_C_LANGUAGE_STANDARD = gnu11;
				GCC_NO_COMMON_BLOCKS = YES;
				GCC_WARN_64_TO_32_BIT_CONVERSION = YES;
				GCC_WARN_ABOUT_RETURN_TYPE = YES_ERROR;
				GCC_WARN_UNDECLARED_SELECTOR = YES;
				GCC_WARN_UNINITIALIZED_AUTOS = YES_AGGRESSIVE;
				GCC_WARN_UNUSED_FUNCTION = YES;
				GCC_WARN_UNUSED_VARIABLE = YES;
				IPHONEOS_DEPLOYMENT_TARGET = 16.0;
				MTL_ENABLE_DEBUG_INFO = NO;
				MTL_FAST_MATH = YES;
				SDKROOT = iphoneos;
				SWIFT_COMPILATION_MODE = wholemodule;
				SWIFT_OPTIMIZATION_LEVEL = "-O";
				VALIDATE_PRODUCT = YES;
			};
			name = Release;
		};
		50DEEAD328EF8629004B5199 /* Debug */ = {
			isa = XCBuildConfiguration;
			buildSettings = {
				ASSETCATALOG_COMPILER_APPICON_NAME = AppIcon;
				ASSETCATALOG_COMPILER_GLOBAL_ACCENT_COLOR_NAME = AccentColor;
				CODE_SIGN_STYLE = Automatic;
				CURRENT_PROJECT_VERSION = 1;
				DEVELOPMENT_ASSET_PATHS = "\"LocalChat/Preview Content\"";
				DEVELOPMENT_TEAM = S4VTW7X9U3;
				ENABLE_PREVIEWS = YES;
				GENERATE_INFOPLIST_FILE = YES;
				INFOPLIST_KEY_UIApplicationSceneManifest_Generation = YES;
				INFOPLIST_KEY_UIApplicationSupportsIndirectInputEvents = YES;
				INFOPLIST_KEY_UILaunchScreen_Generation = YES;
				INFOPLIST_KEY_UISupportedInterfaceOrientations_iPad = "UIInterfaceOrientationPortrait UIInterfaceOrientationPortraitUpsideDown UIInterfaceOrientationLandscapeLeft UIInterfaceOrientationLandscapeRight";
				INFOPLIST_KEY_UISupportedInterfaceOrientations_iPhone = "UIInterfaceOrientationPortrait UIInterfaceOrientationLandscapeLeft UIInterfaceOrientationLandscapeRight";
				LD_RUNPATH_SEARCH_PATHS = (
					"$(inherited)",
					"@executable_path/Frameworks",
				);
				MARKETING_VERSION = 1.0;
				PRODUCT_BUNDLE_IDENTIFIER = com.EgorNikitin.LocalChat;
				PRODUCT_NAME = "$(TARGET_NAME)";
				SWIFT_EMIT_LOC_STRINGS = YES;
				SWIFT_VERSION = 5.0;
				TARGETED_DEVICE_FAMILY = "1,2";
			};
			name = Debug;
		};
		50DEEAD428EF8629004B5199 /* Release */ = {
			isa = XCBuildConfiguration;
			buildSettings = {
				ASSETCATALOG_COMPILER_APPICON_NAME = AppIcon;
				ASSETCATALOG_COMPILER_GLOBAL_ACCENT_COLOR_NAME = AccentColor;
				CODE_SIGN_STYLE = Automatic;
				CURRENT_PROJECT_VERSION = 1;
				DEVELOPMENT_ASSET_PATHS = "\"LocalChat/Preview Content\"";
				DEVELOPMENT_TEAM = S4VTW7X9U3;
				ENABLE_PREVIEWS = YES;
				GENERATE_INFOPLIST_FILE = YES;
				INFOPLIST_KEY_UIApplicationSceneManifest_Generation = YES;
				INFOPLIST_KEY_UIApplicationSupportsIndirectInputEvents = YES;
				INFOPLIST_KEY_UILaunchScreen_Generation = YES;
				INFOPLIST_KEY_UISupportedInterfaceOrientations_iPad = "UIInterfaceOrientationPortrait UIInterfaceOrientationPortraitUpsideDown UIInterfaceOrientationLandscapeLeft UIInterfaceOrientationLandscapeRight";
				INFOPLIST_KEY_UISupportedInterfaceOrientations_iPhone = "UIInterfaceOrientationPortrait UIInterfaceOrientationLandscapeLeft UIInterfaceOrientationLandscapeRight";
				LD_RUNPATH_SEARCH_PATHS = (
					"$(inherited)",
					"@executable_path/Frameworks",
				);
				MARKETING_VERSION = 1.0;
				PRODUCT_BUNDLE_IDENTIFIER = com.EgorNikitin.LocalChat;
				PRODUCT_NAME = "$(TARGET_NAME)";
				SWIFT_EMIT_LOC_STRINGS = YES;
				SWIFT_VERSION = 5.0;
				TARGETED_DEVICE_FAMILY = "1,2";
			};
			name = Release;
		};
/* End XCBuildConfiguration section */

/* Begin XCConfigurationList section */
		50DEEABA28EF8626004B5199 /* Build configuration list for PBXProject "LocalChat" */ = {
			isa = XCConfigurationList;
			buildConfigurations = (
				50DEEAD028EF8629004B5199 /* Debug */,
				50DEEAD128EF8629004B5199 /* Release */,
			);
			defaultConfigurationIsVisible = 0;
			defaultConfigurationName = Release;
		};
		50DEEAD228EF8629004B5199 /* Build configuration list for PBXNativeTarget "LocalChat" */ = {
			isa = XCConfigurationList;
			buildConfigurations = (
				50DEEAD328EF8629004B5199 /* Debug */,
				50DEEAD428EF8629004B5199 /* Release */,
			);
			defaultConfigurationIsVisible = 0;
			defaultConfigurationName = Release;
		};
/* End XCConfigurationList section */

/* Begin XCVersionGroup section */
		50DEEACD28EF8629004B5199 /* LocalChat.xcdatamodeld */ = {
			isa = XCVersionGroup;
			children = (
				50DEEACE28EF8629004B5199 /* LocalChat.xcdatamodel */,
			);
			currentVersion = 50DEEACE28EF8629004B5199 /* LocalChat.xcdatamodel */;
			path = LocalChat.xcdatamodeld;
			sourceTree = "<group>";
			versionGroupType = wrapper.xcdatamodel;
		};
/* End XCVersionGroup section */
	};
	rootObject = 50DEEAB728EF8626004B5199 /* Project object */;
}
